// !$*UTF8*$!
{
	archiveVersion = 1;
	classes = {
	};
	objectVersion = 46;
	objects = {

/* Begin PBXBuildFile section */
		5500E41D1CC9CDD3007F8554 /* Data in CopyFiles */ = {isa = PBXBuildFile; fileRef = 550AE9A618DFC29A00F0C197 /* Data */; };
		550AE98018DFC1CE00F0C197 /* libz.dylib in Frameworks */ = {isa = PBXBuildFile; fileRef = 550AE97F18DFC1CE00F0C197 /* libz.dylib */; };
		550AE9A318DFC22800F0C197 /* SDL2.framework in Frameworks */ = {isa = PBXBuildFile; fileRef = 550AE9A218DFC22800F0C197 /* SDL2.framework */; };
		550AE9A518DFC24700F0C197 /* SDL2.framework in Copy Frameworks */ = {isa = PBXBuildFile; fileRef = 550AE9A218DFC22800F0C197 /* SDL2.framework */; settings = {ATTRIBUTES = (CodeSignOnCopy, ); }; };
		550AE9A918DFC8B700F0C197 /* Images.xcassets in Resources */ = {isa = PBXBuildFile; fileRef = 550AE9A818DFC8B700F0C197 /* Images.xcassets */; };
		55A13CF81CC961210070DECF /* libjpeg.a in Frameworks */ = {isa = PBXBuildFile; fileRef = 55A13CDF1CC960160070DECF /* libjpeg.a */; };
		55A13CF91CC961210070DECF /* libogg.a in Frameworks */ = {isa = PBXBuildFile; fileRef = 55A13CEF1CC960190070DECF /* libogg.a */; };
		55A13CFA1CC961210070DECF /* libpng.a in Frameworks */ = {isa = PBXBuildFile; fileRef = 55A13CD41CC95FFE0070DECF /* libpng.a */; };
		55A13CFB1CC961210070DECF /* libvorbis.a in Frameworks */ = {isa = PBXBuildFile; fileRef = 55A13CE71CC960180070DECF /* libvorbis.a */; };
		55BDE2FF1CDAAE8400191270 /* Menu.cpp in Sources */ = {isa = PBXBuildFile; fileRef = 55BDE2FD1CDAAE8400191270 /* Menu.cpp */; };
		55BDE3001CDAAE8400191270 /* Texture.cpp in Sources */ = {isa = PBXBuildFile; fileRef = 55BDE2FE1CDAAE8400191270 /* Texture.cpp */; };
		565AD00C11990D7600DF867A /* Frustum.cpp in Sources */ = {isa = PBXBuildFile; fileRef = 565ACFF111990D7600DF867A /* Frustum.cpp */; };
		565AD00D11990D7600DF867A /* GameDraw.cpp in Sources */ = {isa = PBXBuildFile; fileRef = 565ACFF211990D7600DF867A /* GameDraw.cpp */; };
		565AD00E11990D7600DF867A /* GameInitDispose.cpp in Sources */ = {isa = PBXBuildFile; fileRef = 565ACFF311990D7600DF867A /* GameInitDispose.cpp */; };
		565AD00F11990D7600DF867A /* GameTick.cpp in Sources */ = {isa = PBXBuildFile; fileRef = 565ACFF411990D7600DF867A /* GameTick.cpp */; };
		565AD01011990D7600DF867A /* Globals.cpp in Sources */ = {isa = PBXBuildFile; fileRef = 565ACFF511990D7600DF867A /* Globals.cpp */; };
		565AD01111990D7600DF867A /* Lights.cpp in Sources */ = {isa = PBXBuildFile; fileRef = 565ACFF611990D7600DF867A /* Lights.cpp */; };
		565AD01211990D7600DF867A /* MacCompatibility.cpp in Sources */ = {isa = PBXBuildFile; fileRef = 565ACFF711990D7600DF867A /* MacCompatibility.cpp */; };
		565AD01311990D7600DF867A /* Models.cpp in Sources */ = {isa = PBXBuildFile; fileRef = 565ACFF811990D7600DF867A /* Models.cpp */; };
		565AD01411990D7600DF867A /* Objects.cpp in Sources */ = {isa = PBXBuildFile; fileRef = 565ACFF911990D7600DF867A /* Objects.cpp */; };
		565AD01511990D7600DF867A /* openal_wrapper.cpp in Sources */ = {isa = PBXBuildFile; fileRef = 565ACFFA11990D7600DF867A /* openal_wrapper.cpp */; };
		565AD01611990D7600DF867A /* OpenGL_Windows.cpp in Sources */ = {isa = PBXBuildFile; fileRef = 565ACFFB11990D7600DF867A /* OpenGL_Windows.cpp */; };
		565AD01811990D7600DF867A /* pack.c in Sources */ = {isa = PBXBuildFile; fileRef = 565ACFFD11990D7600DF867A /* pack.c */; };
		565AD01911990D7600DF867A /* Person.cpp in Sources */ = {isa = PBXBuildFile; fileRef = 565ACFFE11990D7600DF867A /* Person.cpp */; };
		565AD01A11990D7600DF867A /* private.c in Sources */ = {isa = PBXBuildFile; fileRef = 565ACFFF11990D7600DF867A /* private.c */; };
		565AD01B11990D7600DF867A /* Quaternions.cpp in Sources */ = {isa = PBXBuildFile; fileRef = 565AD00011990D7600DF867A /* Quaternions.cpp */; };
		565AD01D11990D7600DF867A /* Skeleton.cpp in Sources */ = {isa = PBXBuildFile; fileRef = 565AD00211990D7600DF867A /* Skeleton.cpp */; };
		565AD01E11990D7600DF867A /* Skybox.cpp in Sources */ = {isa = PBXBuildFile; fileRef = 565AD00311990D7600DF867A /* Skybox.cpp */; };
		565AD02011990D7600DF867A /* Terrain.cpp in Sources */ = {isa = PBXBuildFile; fileRef = 565AD00511990D7600DF867A /* Terrain.cpp */; };
		565AD02111990D7600DF867A /* Text.cpp in Sources */ = {isa = PBXBuildFile; fileRef = 565AD00611990D7600DF867A /* Text.cpp */; };
		565AD02211990D7600DF867A /* TGALoader.cpp in Sources */ = {isa = PBXBuildFile; fileRef = 565AD00711990D7600DF867A /* TGALoader.cpp */; };
		565AD02411990D7600DF867A /* unpack.c in Sources */ = {isa = PBXBuildFile; fileRef = 565AD00911990D7600DF867A /* unpack.c */; };
		565AD02511990D7600DF867A /* Weapons.cpp in Sources */ = {isa = PBXBuildFile; fileRef = 565AD00A11990D7600DF867A /* Weapons.cpp */; };
		565AD04A11990E2A00DF867A /* analysis.c in Sources */ = {isa = PBXBuildFile; fileRef = 565AD03611990E2A00DF867A /* analysis.c */; };
		565AD04B11990E2A00DF867A /* bitrate.c in Sources */ = {isa = PBXBuildFile; fileRef = 565AD03711990E2A00DF867A /* bitrate.c */; };
		565AD04C11990E2A00DF867A /* block.c in Sources */ = {isa = PBXBuildFile; fileRef = 565AD03811990E2A00DF867A /* block.c */; };
		565AD04D11990E2A00DF867A /* codebook.c in Sources */ = {isa = PBXBuildFile; fileRef = 565AD03911990E2A00DF867A /* codebook.c */; };
		565AD04E11990E2A00DF867A /* envelope.c in Sources */ = {isa = PBXBuildFile; fileRef = 565AD03A11990E2A00DF867A /* envelope.c */; };
		565AD04F11990E2A00DF867A /* floor0.c in Sources */ = {isa = PBXBuildFile; fileRef = 565AD03B11990E2A00DF867A /* floor0.c */; };
		565AD05011990E2A00DF867A /* floor1.c in Sources */ = {isa = PBXBuildFile; fileRef = 565AD03C11990E2A00DF867A /* floor1.c */; };
		565AD05111990E2A00DF867A /* info.c in Sources */ = {isa = PBXBuildFile; fileRef = 565AD03D11990E2A00DF867A /* info.c */; };
		565AD05211990E2A00DF867A /* lpc.c in Sources */ = {isa = PBXBuildFile; fileRef = 565AD03E11990E2A00DF867A /* lpc.c */; };
		565AD05311990E2A00DF867A /* lsp.c in Sources */ = {isa = PBXBuildFile; fileRef = 565AD03F11990E2A00DF867A /* lsp.c */; };
		565AD05411990E2A00DF867A /* mapping0.c in Sources */ = {isa = PBXBuildFile; fileRef = 565AD04011990E2A00DF867A /* mapping0.c */; };
		565AD05511990E2A00DF867A /* mdct.c in Sources */ = {isa = PBXBuildFile; fileRef = 565AD04111990E2A00DF867A /* mdct.c */; };
		565AD05611990E2A00DF867A /* psy.c in Sources */ = {isa = PBXBuildFile; fileRef = 565AD04211990E2A00DF867A /* psy.c */; };
		565AD05711990E2A00DF867A /* registry.c in Sources */ = {isa = PBXBuildFile; fileRef = 565AD04311990E2A00DF867A /* registry.c */; };
		565AD05811990E2A00DF867A /* res0.c in Sources */ = {isa = PBXBuildFile; fileRef = 565AD04411990E2A00DF867A /* res0.c */; };
		565AD05911990E2A00DF867A /* sharedbook.c in Sources */ = {isa = PBXBuildFile; fileRef = 565AD04511990E2A00DF867A /* sharedbook.c */; };
		565AD05A11990E2A00DF867A /* smallft.c in Sources */ = {isa = PBXBuildFile; fileRef = 565AD04611990E2A00DF867A /* smallft.c */; };
		565AD05B11990E2A00DF867A /* synthesis.c in Sources */ = {isa = PBXBuildFile; fileRef = 565AD04711990E2A00DF867A /* synthesis.c */; };
		565AD05C11990E2A00DF867A /* vorbisfile.c in Sources */ = {isa = PBXBuildFile; fileRef = 565AD04811990E2A00DF867A /* vorbisfile.c */; };
		565AD05D11990E2A00DF867A /* window.c in Sources */ = {isa = PBXBuildFile; fileRef = 565AD04911990E2A00DF867A /* window.c */; };
		565AD06011990E3C00DF867A /* bitwise.c in Sources */ = {isa = PBXBuildFile; fileRef = 565AD05E11990E3C00DF867A /* bitwise.c */; };
		565AD06111990E3C00DF867A /* framing.c in Sources */ = {isa = PBXBuildFile; fileRef = 565AD05F11990E3C00DF867A /* framing.c */; };
		565AD0A71199133D00DF867A /* jcapimin.c in Sources */ = {isa = PBXBuildFile; fileRef = 565AD07A1199133D00DF867A /* jcapimin.c */; };
		565AD0A81199133D00DF867A /* jcapistd.c in Sources */ = {isa = PBXBuildFile; fileRef = 565AD07B1199133D00DF867A /* jcapistd.c */; };
		565AD0A91199133D00DF867A /* jccoefct.c in Sources */ = {isa = PBXBuildFile; fileRef = 565AD07C1199133D00DF867A /* jccoefct.c */; };
		565AD0AA1199133D00DF867A /* jccolor.c in Sources */ = {isa = PBXBuildFile; fileRef = 565AD07D1199133D00DF867A /* jccolor.c */; };
		565AD0AB1199133D00DF867A /* jcdctmgr.c in Sources */ = {isa = PBXBuildFile; fileRef = 565AD07E1199133D00DF867A /* jcdctmgr.c */; };
		565AD0AC1199133D00DF867A /* jchuff.c in Sources */ = {isa = PBXBuildFile; fileRef = 565AD07F1199133D00DF867A /* jchuff.c */; };
		565AD0AD1199133D00DF867A /* jcinit.c in Sources */ = {isa = PBXBuildFile; fileRef = 565AD0801199133D00DF867A /* jcinit.c */; };
		565AD0AE1199133D00DF867A /* jcmainct.c in Sources */ = {isa = PBXBuildFile; fileRef = 565AD0811199133D00DF867A /* jcmainct.c */; };
		565AD0AF1199133D00DF867A /* jcmarker.c in Sources */ = {isa = PBXBuildFile; fileRef = 565AD0821199133D00DF867A /* jcmarker.c */; };
		565AD0B01199133D00DF867A /* jcmaster.c in Sources */ = {isa = PBXBuildFile; fileRef = 565AD0831199133D00DF867A /* jcmaster.c */; };
		565AD0B11199133D00DF867A /* jcomapi.c in Sources */ = {isa = PBXBuildFile; fileRef = 565AD0841199133D00DF867A /* jcomapi.c */; };
		565AD0B21199133D00DF867A /* jcparam.c in Sources */ = {isa = PBXBuildFile; fileRef = 565AD0851199133D00DF867A /* jcparam.c */; };
		565AD0B41199133D00DF867A /* jcprepct.c in Sources */ = {isa = PBXBuildFile; fileRef = 565AD0871199133D00DF867A /* jcprepct.c */; };
		565AD0B51199133D00DF867A /* jcsample.c in Sources */ = {isa = PBXBuildFile; fileRef = 565AD0881199133D00DF867A /* jcsample.c */; };
		565AD0B61199133D00DF867A /* jdapimin.c in Sources */ = {isa = PBXBuildFile; fileRef = 565AD0891199133D00DF867A /* jdapimin.c */; };
		565AD0B71199133D00DF867A /* jdapistd.c in Sources */ = {isa = PBXBuildFile; fileRef = 565AD08A1199133D00DF867A /* jdapistd.c */; };
		565AD0B81199133D00DF867A /* jdatadst.c in Sources */ = {isa = PBXBuildFile; fileRef = 565AD08B1199133D00DF867A /* jdatadst.c */; };
		565AD0B91199133D00DF867A /* jdatasrc.c in Sources */ = {isa = PBXBuildFile; fileRef = 565AD08C1199133D00DF867A /* jdatasrc.c */; };
		565AD0BA1199133D00DF867A /* jdcoefct.c in Sources */ = {isa = PBXBuildFile; fileRef = 565AD08D1199133D00DF867A /* jdcoefct.c */; };
		565AD0BB1199133D00DF867A /* jdcolor.c in Sources */ = {isa = PBXBuildFile; fileRef = 565AD08E1199133D00DF867A /* jdcolor.c */; };
		565AD0BC1199133D00DF867A /* jddctmgr.c in Sources */ = {isa = PBXBuildFile; fileRef = 565AD08F1199133D00DF867A /* jddctmgr.c */; };
		565AD0BD1199133D00DF867A /* jdhuff.c in Sources */ = {isa = PBXBuildFile; fileRef = 565AD0901199133D00DF867A /* jdhuff.c */; };
		565AD0BE1199133D00DF867A /* jdinput.c in Sources */ = {isa = PBXBuildFile; fileRef = 565AD0911199133D00DF867A /* jdinput.c */; };
		565AD0BF1199133D00DF867A /* jdmainct.c in Sources */ = {isa = PBXBuildFile; fileRef = 565AD0921199133D00DF867A /* jdmainct.c */; };
		565AD0C01199133D00DF867A /* jdmarker.c in Sources */ = {isa = PBXBuildFile; fileRef = 565AD0931199133D00DF867A /* jdmarker.c */; };
		565AD0C11199133D00DF867A /* jdmaster.c in Sources */ = {isa = PBXBuildFile; fileRef = 565AD0941199133D00DF867A /* jdmaster.c */; };
		565AD0C21199133D00DF867A /* jdmerge.c in Sources */ = {isa = PBXBuildFile; fileRef = 565AD0951199133D00DF867A /* jdmerge.c */; };
		565AD0C41199133D00DF867A /* jdpostct.c in Sources */ = {isa = PBXBuildFile; fileRef = 565AD0971199133D00DF867A /* jdpostct.c */; };
		565AD0C51199133D00DF867A /* jdsample.c in Sources */ = {isa = PBXBuildFile; fileRef = 565AD0981199133D00DF867A /* jdsample.c */; };
		565AD0C61199133D00DF867A /* jdtrans.c in Sources */ = {isa = PBXBuildFile; fileRef = 565AD0991199133D00DF867A /* jdtrans.c */; };
		565AD0C71199133D00DF867A /* jerror.c in Sources */ = {isa = PBXBuildFile; fileRef = 565AD09A1199133D00DF867A /* jerror.c */; };
		565AD0C81199133D00DF867A /* jfdctflt.c in Sources */ = {isa = PBXBuildFile; fileRef = 565AD09B1199133D00DF867A /* jfdctflt.c */; };
		565AD0C91199133D00DF867A /* jfdctfst.c in Sources */ = {isa = PBXBuildFile; fileRef = 565AD09C1199133D00DF867A /* jfdctfst.c */; };
		565AD0CA1199133D00DF867A /* jfdctint.c in Sources */ = {isa = PBXBuildFile; fileRef = 565AD09D1199133D00DF867A /* jfdctint.c */; };
		565AD0CB1199133D00DF867A /* jidctflt.c in Sources */ = {isa = PBXBuildFile; fileRef = 565AD09E1199133D00DF867A /* jidctflt.c */; };
		565AD0CC1199133D00DF867A /* jidctfst.c in Sources */ = {isa = PBXBuildFile; fileRef = 565AD09F1199133D00DF867A /* jidctfst.c */; };
		565AD0CD1199133D00DF867A /* jidctint.c in Sources */ = {isa = PBXBuildFile; fileRef = 565AD0A01199133D00DF867A /* jidctint.c */; };
		565AD0CF1199133D00DF867A /* jmemmgr.c in Sources */ = {isa = PBXBuildFile; fileRef = 565AD0A21199133D00DF867A /* jmemmgr.c */; };
		565AD0D01199133D00DF867A /* jmemnobs.c in Sources */ = {isa = PBXBuildFile; fileRef = 565AD0A31199133D00DF867A /* jmemnobs.c */; };
		565AD0D11199133D00DF867A /* jquant1.c in Sources */ = {isa = PBXBuildFile; fileRef = 565AD0A41199133D00DF867A /* jquant1.c */; };
		565AD0D21199133D00DF867A /* jquant2.c in Sources */ = {isa = PBXBuildFile; fileRef = 565AD0A51199133D00DF867A /* jquant2.c */; };
		565AD0D31199133D00DF867A /* jutils.c in Sources */ = {isa = PBXBuildFile; fileRef = 565AD0A61199133D00DF867A /* jutils.c */; };
		565AD0FD1199140000DF867A /* png.c in Sources */ = {isa = PBXBuildFile; fileRef = 565AD0EC1199140000DF867A /* png.c */; };
		565AD0FE1199140000DF867A /* pngerror.c in Sources */ = {isa = PBXBuildFile; fileRef = 565AD0ED1199140000DF867A /* pngerror.c */; };
		565AD1001199140000DF867A /* pngget.c in Sources */ = {isa = PBXBuildFile; fileRef = 565AD0EF1199140000DF867A /* pngget.c */; };
		565AD1011199140000DF867A /* pngmem.c in Sources */ = {isa = PBXBuildFile; fileRef = 565AD0F01199140000DF867A /* pngmem.c */; };
		565AD1021199140000DF867A /* pngpread.c in Sources */ = {isa = PBXBuildFile; fileRef = 565AD0F11199140000DF867A /* pngpread.c */; };
		565AD1031199140000DF867A /* pngread.c in Sources */ = {isa = PBXBuildFile; fileRef = 565AD0F21199140000DF867A /* pngread.c */; };
		565AD1041199140000DF867A /* pngrio.c in Sources */ = {isa = PBXBuildFile; fileRef = 565AD0F31199140000DF867A /* pngrio.c */; };
		565AD1051199140000DF867A /* pngrtran.c in Sources */ = {isa = PBXBuildFile; fileRef = 565AD0F41199140000DF867A /* pngrtran.c */; };
		565AD1061199140000DF867A /* pngrutil.c in Sources */ = {isa = PBXBuildFile; fileRef = 565AD0F51199140000DF867A /* pngrutil.c */; };
		565AD1071199140000DF867A /* pngset.c in Sources */ = {isa = PBXBuildFile; fileRef = 565AD0F61199140000DF867A /* pngset.c */; };
		565AD1081199140000DF867A /* pngtrans.c in Sources */ = {isa = PBXBuildFile; fileRef = 565AD0F71199140000DF867A /* pngtrans.c */; };
		565AD10A1199140000DF867A /* pngwio.c in Sources */ = {isa = PBXBuildFile; fileRef = 565AD0F91199140000DF867A /* pngwio.c */; };
		565AD10B1199140000DF867A /* pngwrite.c in Sources */ = {isa = PBXBuildFile; fileRef = 565AD0FA1199140000DF867A /* pngwrite.c */; };
		565AD10C1199140000DF867A /* pngwtran.c in Sources */ = {isa = PBXBuildFile; fileRef = 565AD0FB1199140000DF867A /* pngwtran.c */; };
		565AD10D1199140000DF867A /* pngwutil.c in Sources */ = {isa = PBXBuildFile; fileRef = 565AD0FC1199140000DF867A /* pngwutil.c */; };
		565AD1151199144400DF867A /* OpenAL.framework in Frameworks */ = {isa = PBXBuildFile; fileRef = 565AD1141199144400DF867A /* OpenAL.framework */; };
		565AD1171199144400DF867A /* OpenGL.framework in Frameworks */ = {isa = PBXBuildFile; fileRef = 565AD1161199144400DF867A /* OpenGL.framework */; };
		56A5C960119BB09D00822AF6 /* jaricom.c in Sources */ = {isa = PBXBuildFile; fileRef = 56A5C95D119BB09D00822AF6 /* jaricom.c */; };
		56A5C961119BB09D00822AF6 /* jcarith.c in Sources */ = {isa = PBXBuildFile; fileRef = 56A5C95E119BB09D00822AF6 /* jcarith.c */; };
		56A5C962119BB09D00822AF6 /* jdarith.c in Sources */ = {isa = PBXBuildFile; fileRef = 56A5C95F119BB09D00822AF6 /* jdarith.c */; };
		E1DC1D26137BD90700E6FD6F /* Sprite.cpp in Sources */ = {isa = PBXBuildFile; fileRef = E1DC1D24137BD90700E6FD6F /* Sprite.cpp */; };
		E1DC1D32137BD9FE00E6FD6F /* Sounds.cpp in Sources */ = {isa = PBXBuildFile; fileRef = E1DC1D30137BD9FE00E6FD6F /* Sounds.cpp */; };
		E1DC1D38137BDA1200E6FD6F /* Stereo.cpp in Sources */ = {isa = PBXBuildFile; fileRef = E1DC1D36137BDA1200E6FD6F /* Stereo.cpp */; };
		E1DC1D40137BDA7900E6FD6F /* Account.cpp in Sources */ = {isa = PBXBuildFile; fileRef = E1DC1D3E137BDA7900E6FD6F /* Account.cpp */; };
		E1DC1D45137BDA9400E6FD6F /* Game.cpp in Sources */ = {isa = PBXBuildFile; fileRef = E1DC1D43137BDA9400E6FD6F /* Game.cpp */; };
		E1DC1D49137BDB1900E6FD6F /* Awards.cpp in Sources */ = {isa = PBXBuildFile; fileRef = E1DC1D48137BDB1900E6FD6F /* Awards.cpp */; };
		E1DC1D4D137BDB3400E6FD6F /* Input.cpp in Sources */ = {isa = PBXBuildFile; fileRef = E1DC1D4C137BDB3400E6FD6F /* Input.cpp */; };
		E1DC1D51137BDB4600E6FD6F /* Animation.cpp in Sources */ = {isa = PBXBuildFile; fileRef = E1DC1D50137BDB4600E6FD6F /* Animation.cpp */; };
		E1DC1D55137BDB5900E6FD6F /* Settings.cpp in Sources */ = {isa = PBXBuildFile; fileRef = E1DC1D54137BDB5900E6FD6F /* Settings.cpp */; };
/* End PBXBuildFile section */

/* Begin PBXContainerItemProxy section */
		55A13CF01CC9611A0070DECF /* PBXContainerItemProxy */ = {
			isa = PBXContainerItemProxy;
			containerPortal = 29B97313FDCFA39411CA2CEA /* Project object */;
			proxyType = 1;
			remoteGlobalIDString = 55A13CD31CC95FFE0070DECF;
			remoteInfo = png;
		};
		55A13CF21CC9611A0070DECF /* PBXContainerItemProxy */ = {
			isa = PBXContainerItemProxy;
			containerPortal = 29B97313FDCFA39411CA2CEA /* Project object */;
			proxyType = 1;
			remoteGlobalIDString = 55A13CD81CC960160070DECF;
			remoteInfo = jpeg;
		};
		55A13CF41CC9611A0070DECF /* PBXContainerItemProxy */ = {
			isa = PBXContainerItemProxy;
			containerPortal = 29B97313FDCFA39411CA2CEA /* Project object */;
			proxyType = 1;
			remoteGlobalIDString = 55A13CE01CC960180070DECF;
			remoteInfo = vorbis;
		};
		55A13CF61CC9611A0070DECF /* PBXContainerItemProxy */ = {
			isa = PBXContainerItemProxy;
			containerPortal = 29B97313FDCFA39411CA2CEA /* Project object */;
			proxyType = 1;
			remoteGlobalIDString = 55A13CE81CC960190070DECF;
			remoteInfo = ogg;
		};
/* End PBXContainerItemProxy section */

/* Begin PBXCopyFilesBuildPhase section */
		5500E41C1CC9CDC3007F8554 /* CopyFiles */ = {
			isa = PBXCopyFilesBuildPhase;
			buildActionMask = 2147483647;
			dstPath = "";
			dstSubfolderSpec = 1;
			files = (
				5500E41D1CC9CDD3007F8554 /* Data in CopyFiles */,
			);
			runOnlyForDeploymentPostprocessing = 0;
		};
		550AE9A418DFC23800F0C197 /* Copy Frameworks */ = {
			isa = PBXCopyFilesBuildPhase;
			buildActionMask = 2147483647;
			dstPath = "";
			dstSubfolderSpec = 10;
			files = (
				550AE9A518DFC24700F0C197 /* SDL2.framework in Copy Frameworks */,
			);
			name = "Copy Frameworks";
			runOnlyForDeploymentPostprocessing = 0;
		};
/* End PBXCopyFilesBuildPhase section */

/* Begin PBXFileReference section */
		550AE97F18DFC1CE00F0C197 /* libz.dylib */ = {isa = PBXFileReference; lastKnownFileType = "compiled.mach-o.dylib"; name = libz.dylib; path = usr/lib/libz.dylib; sourceTree = SDKROOT; };
		550AE98118DFC20600F0C197 /* alstubs.h */ = {isa = PBXFileReference; lastKnownFileType = sourcecode.c.h; path = alstubs.h; sourceTree = "<group>"; };
		550AE98218DFC20600F0C197 /* binio.h */ = {isa = PBXFileReference; lastKnownFileType = sourcecode.c.h; path = binio.h; sourceTree = "<group>"; };
		550AE98318DFC20600F0C197 /* ConsoleCmds.h */ = {isa = PBXFileReference; lastKnownFileType = sourcecode.c.h; path = ConsoleCmds.h; sourceTree = "<group>"; };
		550AE98518DFC20600F0C197 /* Frustum.h */ = {isa = PBXFileReference; lastKnownFileType = sourcecode.c.h; path = Frustum.h; sourceTree = "<group>"; };
		550AE98618DFC20600F0C197 /* Game.h */ = {isa = PBXFileReference; lastKnownFileType = sourcecode.c.h; path = Game.h; sourceTree = "<group>"; };
		550AE98718DFC20600F0C197 /* gamegl.h */ = {isa = PBXFileReference; lastKnownFileType = sourcecode.c.h; path = gamegl.h; sourceTree = "<group>"; };
		550AE98818DFC20600F0C197 /* glstubs.h */ = {isa = PBXFileReference; lastKnownFileType = sourcecode.c.h; path = glstubs.h; sourceTree = "<group>"; };
		550AE98918DFC20600F0C197 /* Lights.h */ = {isa = PBXFileReference; lastKnownFileType = sourcecode.c.h; path = Lights.h; sourceTree = "<group>"; };
		550AE98B18DFC20600F0C197 /* MacCompatibility.h */ = {isa = PBXFileReference; lastKnownFileType = sourcecode.c.h; path = MacCompatibility.h; sourceTree = "<group>"; };
		550AE98D18DFC20600F0C197 /* Models.h */ = {isa = PBXFileReference; lastKnownFileType = sourcecode.c.h; path = Models.h; sourceTree = "<group>"; };
		550AE98F18DFC20600F0C197 /* Objects.h */ = {isa = PBXFileReference; lastKnownFileType = sourcecode.c.h; path = Objects.h; sourceTree = "<group>"; };
		550AE99018DFC20600F0C197 /* openal_wrapper.h */ = {isa = PBXFileReference; lastKnownFileType = sourcecode.c.h; path = openal_wrapper.h; sourceTree = "<group>"; };
		550AE99218DFC20600F0C197 /* Person.h */ = {isa = PBXFileReference; lastKnownFileType = sourcecode.c.h; path = Person.h; sourceTree = "<group>"; };
		550AE99318DFC20600F0C197 /* PhysicsMath.h */ = {isa = PBXFileReference; lastKnownFileType = sourcecode.c.h; path = PhysicsMath.h; sourceTree = "<group>"; };
		550AE99518DFC20600F0C197 /* private.h */ = {isa = PBXFileReference; lastKnownFileType = sourcecode.c.h; path = private.h; sourceTree = "<group>"; };
		550AE99618DFC20600F0C197 /* Quaternions.h */ = {isa = PBXFileReference; lastKnownFileType = sourcecode.c.h; path = Quaternions.h; sourceTree = "<group>"; };
		550AE99818DFC20600F0C197 /* Skeleton.h */ = {isa = PBXFileReference; lastKnownFileType = sourcecode.c.h; path = Skeleton.h; sourceTree = "<group>"; };
		550AE99918DFC20600F0C197 /* Skybox.h */ = {isa = PBXFileReference; lastKnownFileType = sourcecode.c.h; path = Skybox.h; sourceTree = "<group>"; };
		550AE99B18DFC20600F0C197 /* Terrain.h */ = {isa = PBXFileReference; lastKnownFileType = sourcecode.c.h; path = Terrain.h; sourceTree = "<group>"; };
		550AE99C18DFC20600F0C197 /* Text.h */ = {isa = PBXFileReference; lastKnownFileType = sourcecode.c.h; path = Text.h; sourceTree = "<group>"; };
		550AE99D18DFC20600F0C197 /* TGALoader.h */ = {isa = PBXFileReference; lastKnownFileType = sourcecode.c.h; path = TGALoader.h; sourceTree = "<group>"; };
		550AE99F18DFC20600F0C197 /* Weapons.h */ = {isa = PBXFileReference; lastKnownFileType = sourcecode.c.h; path = Weapons.h; sourceTree = "<group>"; };
		550AE9A018DFC20600F0C197 /* WinDefs.h */ = {isa = PBXFileReference; lastKnownFileType = sourcecode.c.h; path = WinDefs.h; sourceTree = "<group>"; };
		550AE9A118DFC20600F0C197 /* Input.h */ = {isa = PBXFileReference; lastKnownFileType = sourcecode.c.h; path = Input.h; sourceTree = "<group>"; };
		550AE9A218DFC22800F0C197 /* SDL2.framework */ = {isa = PBXFileReference; lastKnownFileType = wrapper.framework; name = SDL2.framework; path = /Library/Frameworks/SDL2.framework; sourceTree = "<absolute>"; };
		550AE9A618DFC29A00F0C197 /* Data */ = {isa = PBXFileReference; lastKnownFileType = folder; name = Data; path = ../Data; sourceTree = SOURCE_ROOT; };
		550AE9A818DFC8B700F0C197 /* Images.xcassets */ = {isa = PBXFileReference; lastKnownFileType = folder.assetcatalog; path = Images.xcassets; sourceTree = "<group>"; };
		551C714D1CCA8F6C0098D893 /* Lugaru.exp */ = {isa = PBXFileReference; lastKnownFileType = sourcecode.exports; path = Lugaru.exp; sourceTree = "<group>"; };
		55A13CBC1CC953C40070DECF /* Lugaru.pch */ = {isa = PBXFileReference; lastKnownFileType = sourcecode.c.h; name = Lugaru.pch; path = ../Xcode/Lugaru.pch; sourceTree = "<group>"; };
		55A13CC21CC95F480070DECF /* ogg.h */ = {isa = PBXFileReference; fileEncoding = 4; lastKnownFileType = sourcecode.c.h; path = ogg.h; sourceTree = "<group>"; };
		55A13CC31CC95F480070DECF /* os_types.h */ = {isa = PBXFileReference; fileEncoding = 4; lastKnownFileType = sourcecode.c.h; path = os_types.h; sourceTree = "<group>"; };
		55A13CC71CC95F710070DECF /* png.h */ = {isa = PBXFileReference; lastKnownFileType = sourcecode.c.h; path = png.h; sourceTree = "<group>"; };
		55A13CC81CC95F710070DECF /* pngconf.h */ = {isa = PBXFileReference; lastKnownFileType = sourcecode.c.h; path = pngconf.h; sourceTree = "<group>"; };
		55A13CC91CC95F710070DECF /* pngpriv.h */ = {isa = PBXFileReference; lastKnownFileType = sourcecode.c.h; path = pngpriv.h; sourceTree = "<group>"; };
		55A13CCB1CC95F910070DECF /* codec.h */ = {isa = PBXFileReference; lastKnownFileType = sourcecode.c.h; path = codec.h; sourceTree = "<group>"; };
		55A13CCE1CC95F910070DECF /* vorbisenc.h */ = {isa = PBXFileReference; lastKnownFileType = sourcecode.c.h; path = vorbisenc.h; sourceTree = "<group>"; };
		55A13CCF1CC95F910070DECF /* vorbisfile.h */ = {isa = PBXFileReference; lastKnownFileType = sourcecode.c.h; path = vorbisfile.h; sourceTree = "<group>"; };
		55A13CD41CC95FFE0070DECF /* libpng.a */ = {isa = PBXFileReference; explicitFileType = archive.ar; includeInIndex = 0; path = libpng.a; sourceTree = BUILT_PRODUCTS_DIR; };
		55A13CDF1CC960160070DECF /* libjpeg.a */ = {isa = PBXFileReference; explicitFileType = archive.ar; includeInIndex = 0; path = libjpeg.a; sourceTree = BUILT_PRODUCTS_DIR; };
		55A13CE71CC960180070DECF /* libvorbis.a */ = {isa = PBXFileReference; explicitFileType = archive.ar; includeInIndex = 0; path = libvorbis.a; sourceTree = BUILT_PRODUCTS_DIR; };
		55A13CEF1CC960190070DECF /* libogg.a */ = {isa = PBXFileReference; explicitFileType = archive.ar; includeInIndex = 0; path = libogg.a; sourceTree = BUILT_PRODUCTS_DIR; };
		55BDE2FD1CDAAE8400191270 /* Menu.cpp */ = {isa = PBXFileReference; fileEncoding = 4; lastKnownFileType = sourcecode.cpp.cpp; path = Menu.cpp; sourceTree = "<group>"; };
		55BDE2FE1CDAAE8400191270 /* Texture.cpp */ = {isa = PBXFileReference; fileEncoding = 4; lastKnownFileType = sourcecode.cpp.cpp; path = Texture.cpp; sourceTree = "<group>"; };
		55BDE32D1CDAB47400191270 /* Account.h */ = {isa = PBXFileReference; lastKnownFileType = sourcecode.c.h; path = Account.h; sourceTree = "<group>"; };
		55BDE32E1CDAB47400191270 /* Animation.h */ = {isa = PBXFileReference; lastKnownFileType = sourcecode.c.h; path = Animation.h; sourceTree = "<group>"; };
		55BDE32F1CDAB47400191270 /* Awards.h */ = {isa = PBXFileReference; lastKnownFileType = sourcecode.c.h; path = Awards.h; sourceTree = "<group>"; };
		55BDE3311CDAB47400191270 /* Menu.h */ = {isa = PBXFileReference; lastKnownFileType = sourcecode.c.h; path = Menu.h; sourceTree = "<group>"; };
		55BDE3321CDAB47400191270 /* Settings.h */ = {isa = PBXFileReference; lastKnownFileType = sourcecode.c.h; path = Settings.h; sourceTree = "<group>"; };
		55BDE3331CDAB47400191270 /* Sounds.h */ = {isa = PBXFileReference; lastKnownFileType = sourcecode.c.h; path = Sounds.h; sourceTree = "<group>"; };
		55BDE3341CDAB47400191270 /* Sprite.h */ = {isa = PBXFileReference; lastKnownFileType = sourcecode.c.h; path = Sprite.h; sourceTree = "<group>"; };
		55BDE3351CDAB47400191270 /* Stereo.h */ = {isa = PBXFileReference; lastKnownFileType = sourcecode.c.h; path = Stereo.h; sourceTree = "<group>"; };
		55BDE3361CDAB47400191270 /* Texture.h */ = {isa = PBXFileReference; lastKnownFileType = sourcecode.c.h; path = Texture.h; sourceTree = "<group>"; };
		55C148C61CCA0241007E238B /* Globals.h */ = {isa = PBXFileReference; lastKnownFileType = sourcecode.c.h; path = Globals.h; sourceTree = "<group>"; };
		565ACFF111990D7600DF867A /* Frustum.cpp */ = {isa = PBXFileReference; fileEncoding = 4; lastKnownFileType = sourcecode.cpp.cpp; path = Frustum.cpp; sourceTree = "<group>"; };
		565ACFF211990D7600DF867A /* GameDraw.cpp */ = {isa = PBXFileReference; fileEncoding = 4; lastKnownFileType = sourcecode.cpp.cpp; path = GameDraw.cpp; sourceTree = "<group>"; };
		565ACFF311990D7600DF867A /* GameInitDispose.cpp */ = {isa = PBXFileReference; fileEncoding = 4; lastKnownFileType = sourcecode.cpp.cpp; path = GameInitDispose.cpp; sourceTree = "<group>"; };
		565ACFF411990D7600DF867A /* GameTick.cpp */ = {isa = PBXFileReference; fileEncoding = 4; indentWidth = 4; lastKnownFileType = sourcecode.cpp.cpp; path = GameTick.cpp; sourceTree = "<group>"; };
		565ACFF511990D7600DF867A /* Globals.cpp */ = {isa = PBXFileReference; fileEncoding = 4; lastKnownFileType = sourcecode.cpp.cpp; path = Globals.cpp; sourceTree = "<group>"; };
		565ACFF611990D7600DF867A /* Lights.cpp */ = {isa = PBXFileReference; fileEncoding = 4; lastKnownFileType = sourcecode.cpp.cpp; path = Lights.cpp; sourceTree = "<group>"; };
		565ACFF711990D7600DF867A /* MacCompatibility.cpp */ = {isa = PBXFileReference; fileEncoding = 4; lastKnownFileType = sourcecode.cpp.cpp; path = MacCompatibility.cpp; sourceTree = "<group>"; };
		565ACFF811990D7600DF867A /* Models.cpp */ = {isa = PBXFileReference; fileEncoding = 4; lastKnownFileType = sourcecode.cpp.cpp; path = Models.cpp; sourceTree = "<group>"; };
		565ACFF911990D7600DF867A /* Objects.cpp */ = {isa = PBXFileReference; fileEncoding = 4; lastKnownFileType = sourcecode.cpp.cpp; path = Objects.cpp; sourceTree = "<group>"; };
		565ACFFA11990D7600DF867A /* openal_wrapper.cpp */ = {isa = PBXFileReference; fileEncoding = 4; lastKnownFileType = sourcecode.cpp.cpp; path = openal_wrapper.cpp; sourceTree = "<group>"; };
		565ACFFB11990D7600DF867A /* OpenGL_Windows.cpp */ = {isa = PBXFileReference; fileEncoding = 4; lastKnownFileType = sourcecode.cpp.cpp; path = OpenGL_Windows.cpp; sourceTree = "<group>"; };
		565ACFFD11990D7600DF867A /* pack.c */ = {isa = PBXFileReference; fileEncoding = 4; lastKnownFileType = sourcecode.c.c; path = pack.c; sourceTree = "<group>"; };
		565ACFFE11990D7600DF867A /* Person.cpp */ = {isa = PBXFileReference; fileEncoding = 4; lastKnownFileType = sourcecode.cpp.cpp; path = Person.cpp; sourceTree = "<group>"; };
		565ACFFF11990D7600DF867A /* private.c */ = {isa = PBXFileReference; fileEncoding = 4; lastKnownFileType = sourcecode.c.c; path = private.c; sourceTree = "<group>"; };
		565AD00011990D7600DF867A /* Quaternions.cpp */ = {isa = PBXFileReference; fileEncoding = 4; lastKnownFileType = sourcecode.cpp.cpp; path = Quaternions.cpp; sourceTree = "<group>"; };
		565AD00211990D7600DF867A /* Skeleton.cpp */ = {isa = PBXFileReference; fileEncoding = 4; lastKnownFileType = sourcecode.cpp.cpp; path = Skeleton.cpp; sourceTree = "<group>"; };
		565AD00311990D7600DF867A /* Skybox.cpp */ = {isa = PBXFileReference; fileEncoding = 4; lastKnownFileType = sourcecode.cpp.cpp; path = Skybox.cpp; sourceTree = "<group>"; };
		565AD00511990D7600DF867A /* Terrain.cpp */ = {isa = PBXFileReference; fileEncoding = 4; lastKnownFileType = sourcecode.cpp.cpp; path = Terrain.cpp; sourceTree = "<group>"; };
		565AD00611990D7600DF867A /* Text.cpp */ = {isa = PBXFileReference; fileEncoding = 4; lastKnownFileType = sourcecode.cpp.cpp; path = Text.cpp; sourceTree = "<group>"; };
		565AD00711990D7600DF867A /* TGALoader.cpp */ = {isa = PBXFileReference; fileEncoding = 4; lastKnownFileType = sourcecode.cpp.cpp; path = TGALoader.cpp; sourceTree = "<group>"; };
		565AD00911990D7600DF867A /* unpack.c */ = {isa = PBXFileReference; fileEncoding = 4; lastKnownFileType = sourcecode.c.c; path = unpack.c; sourceTree = "<group>"; };
		565AD00A11990D7600DF867A /* Weapons.cpp */ = {isa = PBXFileReference; fileEncoding = 4; lastKnownFileType = sourcecode.cpp.cpp; path = Weapons.cpp; sourceTree = "<group>"; };
		565AD03611990E2A00DF867A /* analysis.c */ = {isa = PBXFileReference; fileEncoding = 4; lastKnownFileType = sourcecode.c.c; name = analysis.c; path = lib/analysis.c; sourceTree = "<group>"; };
		565AD03711990E2A00DF867A /* bitrate.c */ = {isa = PBXFileReference; fileEncoding = 4; lastKnownFileType = sourcecode.c.c; name = bitrate.c; path = lib/bitrate.c; sourceTree = "<group>"; };
		565AD03811990E2A00DF867A /* block.c */ = {isa = PBXFileReference; fileEncoding = 4; lastKnownFileType = sourcecode.c.c; name = block.c; path = lib/block.c; sourceTree = "<group>"; };
		565AD03911990E2A00DF867A /* codebook.c */ = {isa = PBXFileReference; fileEncoding = 4; lastKnownFileType = sourcecode.c.c; name = codebook.c; path = lib/codebook.c; sourceTree = "<group>"; };
		565AD03A11990E2A00DF867A /* envelope.c */ = {isa = PBXFileReference; fileEncoding = 4; lastKnownFileType = sourcecode.c.c; name = envelope.c; path = lib/envelope.c; sourceTree = "<group>"; };
		565AD03B11990E2A00DF867A /* floor0.c */ = {isa = PBXFileReference; fileEncoding = 4; lastKnownFileType = sourcecode.c.c; name = floor0.c; path = lib/floor0.c; sourceTree = "<group>"; };
		565AD03C11990E2A00DF867A /* floor1.c */ = {isa = PBXFileReference; fileEncoding = 4; lastKnownFileType = sourcecode.c.c; name = floor1.c; path = lib/floor1.c; sourceTree = "<group>"; };
		565AD03D11990E2A00DF867A /* info.c */ = {isa = PBXFileReference; fileEncoding = 4; lastKnownFileType = sourcecode.c.c; name = info.c; path = lib/info.c; sourceTree = "<group>"; };
		565AD03E11990E2A00DF867A /* lpc.c */ = {isa = PBXFileReference; fileEncoding = 4; lastKnownFileType = sourcecode.c.c; name = lpc.c; path = lib/lpc.c; sourceTree = "<group>"; };
		565AD03F11990E2A00DF867A /* lsp.c */ = {isa = PBXFileReference; fileEncoding = 4; lastKnownFileType = sourcecode.c.c; name = lsp.c; path = lib/lsp.c; sourceTree = "<group>"; };
		565AD04011990E2A00DF867A /* mapping0.c */ = {isa = PBXFileReference; fileEncoding = 4; lastKnownFileType = sourcecode.c.c; name = mapping0.c; path = lib/mapping0.c; sourceTree = "<group>"; };
		565AD04111990E2A00DF867A /* mdct.c */ = {isa = PBXFileReference; fileEncoding = 4; lastKnownFileType = sourcecode.c.c; name = mdct.c; path = lib/mdct.c; sourceTree = "<group>"; };
		565AD04211990E2A00DF867A /* psy.c */ = {isa = PBXFileReference; fileEncoding = 4; lastKnownFileType = sourcecode.c.c; name = psy.c; path = lib/psy.c; sourceTree = "<group>"; };
		565AD04311990E2A00DF867A /* registry.c */ = {isa = PBXFileReference; fileEncoding = 4; lastKnownFileType = sourcecode.c.c; name = registry.c; path = lib/registry.c; sourceTree = "<group>"; };
		565AD04411990E2A00DF867A /* res0.c */ = {isa = PBXFileReference; fileEncoding = 4; lastKnownFileType = sourcecode.c.c; name = res0.c; path = lib/res0.c; sourceTree = "<group>"; };
		565AD04511990E2A00DF867A /* sharedbook.c */ = {isa = PBXFileReference; fileEncoding = 4; lastKnownFileType = sourcecode.c.c; name = sharedbook.c; path = lib/sharedbook.c; sourceTree = "<group>"; };
		565AD04611990E2A00DF867A /* smallft.c */ = {isa = PBXFileReference; fileEncoding = 4; lastKnownFileType = sourcecode.c.c; name = smallft.c; path = lib/smallft.c; sourceTree = "<group>"; };
		565AD04711990E2A00DF867A /* synthesis.c */ = {isa = PBXFileReference; fileEncoding = 4; lastKnownFileType = sourcecode.c.c; name = synthesis.c; path = lib/synthesis.c; sourceTree = "<group>"; };
		565AD04811990E2A00DF867A /* vorbisfile.c */ = {isa = PBXFileReference; fileEncoding = 4; lastKnownFileType = sourcecode.c.c; name = vorbisfile.c; path = lib/vorbisfile.c; sourceTree = "<group>"; };
		565AD04911990E2A00DF867A /* window.c */ = {isa = PBXFileReference; fileEncoding = 4; lastKnownFileType = sourcecode.c.c; name = window.c; path = lib/window.c; sourceTree = "<group>"; };
		565AD05E11990E3C00DF867A /* bitwise.c */ = {isa = PBXFileReference; fileEncoding = 4; lastKnownFileType = sourcecode.c.c; name = bitwise.c; path = src/bitwise.c; sourceTree = "<group>"; };
		565AD05F11990E3C00DF867A /* framing.c */ = {isa = PBXFileReference; fileEncoding = 4; lastKnownFileType = sourcecode.c.c; name = framing.c; path = src/framing.c; sourceTree = "<group>"; };
		565AD07A1199133D00DF867A /* jcapimin.c */ = {isa = PBXFileReference; fileEncoding = 4; lastKnownFileType = sourcecode.c.c; path = jcapimin.c; sourceTree = "<group>"; };
		565AD07B1199133D00DF867A /* jcapistd.c */ = {isa = PBXFileReference; fileEncoding = 4; lastKnownFileType = sourcecode.c.c; path = jcapistd.c; sourceTree = "<group>"; };
		565AD07C1199133D00DF867A /* jccoefct.c */ = {isa = PBXFileReference; fileEncoding = 4; lastKnownFileType = sourcecode.c.c; path = jccoefct.c; sourceTree = "<group>"; };
		565AD07D1199133D00DF867A /* jccolor.c */ = {isa = PBXFileReference; fileEncoding = 4; lastKnownFileType = sourcecode.c.c; path = jccolor.c; sourceTree = "<group>"; };
		565AD07E1199133D00DF867A /* jcdctmgr.c */ = {isa = PBXFileReference; fileEncoding = 4; lastKnownFileType = sourcecode.c.c; path = jcdctmgr.c; sourceTree = "<group>"; };
		565AD07F1199133D00DF867A /* jchuff.c */ = {isa = PBXFileReference; fileEncoding = 4; lastKnownFileType = sourcecode.c.c; path = jchuff.c; sourceTree = "<group>"; };
		565AD0801199133D00DF867A /* jcinit.c */ = {isa = PBXFileReference; fileEncoding = 4; lastKnownFileType = sourcecode.c.c; path = jcinit.c; sourceTree = "<group>"; };
		565AD0811199133D00DF867A /* jcmainct.c */ = {isa = PBXFileReference; fileEncoding = 4; lastKnownFileType = sourcecode.c.c; path = jcmainct.c; sourceTree = "<group>"; };
		565AD0821199133D00DF867A /* jcmarker.c */ = {isa = PBXFileReference; fileEncoding = 4; lastKnownFileType = sourcecode.c.c; path = jcmarker.c; sourceTree = "<group>"; };
		565AD0831199133D00DF867A /* jcmaster.c */ = {isa = PBXFileReference; fileEncoding = 4; lastKnownFileType = sourcecode.c.c; path = jcmaster.c; sourceTree = "<group>"; };
		565AD0841199133D00DF867A /* jcomapi.c */ = {isa = PBXFileReference; fileEncoding = 4; lastKnownFileType = sourcecode.c.c; path = jcomapi.c; sourceTree = "<group>"; };
		565AD0851199133D00DF867A /* jcparam.c */ = {isa = PBXFileReference; fileEncoding = 4; lastKnownFileType = sourcecode.c.c; path = jcparam.c; sourceTree = "<group>"; };
		565AD0871199133D00DF867A /* jcprepct.c */ = {isa = PBXFileReference; fileEncoding = 4; lastKnownFileType = sourcecode.c.c; path = jcprepct.c; sourceTree = "<group>"; };
		565AD0881199133D00DF867A /* jcsample.c */ = {isa = PBXFileReference; fileEncoding = 4; lastKnownFileType = sourcecode.c.c; path = jcsample.c; sourceTree = "<group>"; };
		565AD0891199133D00DF867A /* jdapimin.c */ = {isa = PBXFileReference; fileEncoding = 4; lastKnownFileType = sourcecode.c.c; path = jdapimin.c; sourceTree = "<group>"; };
		565AD08A1199133D00DF867A /* jdapistd.c */ = {isa = PBXFileReference; fileEncoding = 4; lastKnownFileType = sourcecode.c.c; path = jdapistd.c; sourceTree = "<group>"; };
		565AD08B1199133D00DF867A /* jdatadst.c */ = {isa = PBXFileReference; fileEncoding = 4; lastKnownFileType = sourcecode.c.c; path = jdatadst.c; sourceTree = "<group>"; };
		565AD08C1199133D00DF867A /* jdatasrc.c */ = {isa = PBXFileReference; fileEncoding = 4; lastKnownFileType = sourcecode.c.c; path = jdatasrc.c; sourceTree = "<group>"; };
		565AD08D1199133D00DF867A /* jdcoefct.c */ = {isa = PBXFileReference; fileEncoding = 4; lastKnownFileType = sourcecode.c.c; path = jdcoefct.c; sourceTree = "<group>"; };
		565AD08E1199133D00DF867A /* jdcolor.c */ = {isa = PBXFileReference; fileEncoding = 4; lastKnownFileType = sourcecode.c.c; path = jdcolor.c; sourceTree = "<group>"; };
		565AD08F1199133D00DF867A /* jddctmgr.c */ = {isa = PBXFileReference; fileEncoding = 4; lastKnownFileType = sourcecode.c.c; path = jddctmgr.c; sourceTree = "<group>"; };
		565AD0901199133D00DF867A /* jdhuff.c */ = {isa = PBXFileReference; fileEncoding = 4; lastKnownFileType = sourcecode.c.c; path = jdhuff.c; sourceTree = "<group>"; };
		565AD0911199133D00DF867A /* jdinput.c */ = {isa = PBXFileReference; fileEncoding = 4; lastKnownFileType = sourcecode.c.c; path = jdinput.c; sourceTree = "<group>"; };
		565AD0921199133D00DF867A /* jdmainct.c */ = {isa = PBXFileReference; fileEncoding = 4; lastKnownFileType = sourcecode.c.c; path = jdmainct.c; sourceTree = "<group>"; };
		565AD0931199133D00DF867A /* jdmarker.c */ = {isa = PBXFileReference; fileEncoding = 4; lastKnownFileType = sourcecode.c.c; path = jdmarker.c; sourceTree = "<group>"; };
		565AD0941199133D00DF867A /* jdmaster.c */ = {isa = PBXFileReference; fileEncoding = 4; lastKnownFileType = sourcecode.c.c; path = jdmaster.c; sourceTree = "<group>"; };
		565AD0951199133D00DF867A /* jdmerge.c */ = {isa = PBXFileReference; fileEncoding = 4; lastKnownFileType = sourcecode.c.c; path = jdmerge.c; sourceTree = "<group>"; };
		565AD0971199133D00DF867A /* jdpostct.c */ = {isa = PBXFileReference; fileEncoding = 4; lastKnownFileType = sourcecode.c.c; path = jdpostct.c; sourceTree = "<group>"; };
		565AD0981199133D00DF867A /* jdsample.c */ = {isa = PBXFileReference; fileEncoding = 4; lastKnownFileType = sourcecode.c.c; path = jdsample.c; sourceTree = "<group>"; };
		565AD0991199133D00DF867A /* jdtrans.c */ = {isa = PBXFileReference; fileEncoding = 4; lastKnownFileType = sourcecode.c.c; path = jdtrans.c; sourceTree = "<group>"; };
		565AD09A1199133D00DF867A /* jerror.c */ = {isa = PBXFileReference; fileEncoding = 4; lastKnownFileType = sourcecode.c.c; path = jerror.c; sourceTree = "<group>"; };
		565AD09B1199133D00DF867A /* jfdctflt.c */ = {isa = PBXFileReference; fileEncoding = 4; lastKnownFileType = sourcecode.c.c; path = jfdctflt.c; sourceTree = "<group>"; };
		565AD09C1199133D00DF867A /* jfdctfst.c */ = {isa = PBXFileReference; fileEncoding = 4; lastKnownFileType = sourcecode.c.c; path = jfdctfst.c; sourceTree = "<group>"; };
		565AD09D1199133D00DF867A /* jfdctint.c */ = {isa = PBXFileReference; fileEncoding = 4; lastKnownFileType = sourcecode.c.c; path = jfdctint.c; sourceTree = "<group>"; };
		565AD09E1199133D00DF867A /* jidctflt.c */ = {isa = PBXFileReference; fileEncoding = 4; lastKnownFileType = sourcecode.c.c; path = jidctflt.c; sourceTree = "<group>"; };
		565AD09F1199133D00DF867A /* jidctfst.c */ = {isa = PBXFileReference; fileEncoding = 4; lastKnownFileType = sourcecode.c.c; path = jidctfst.c; sourceTree = "<group>"; };
		565AD0A01199133D00DF867A /* jidctint.c */ = {isa = PBXFileReference; fileEncoding = 4; lastKnownFileType = sourcecode.c.c; path = jidctint.c; sourceTree = "<group>"; };
		565AD0A21199133D00DF867A /* jmemmgr.c */ = {isa = PBXFileReference; fileEncoding = 4; lastKnownFileType = sourcecode.c.c; path = jmemmgr.c; sourceTree = "<group>"; };
		565AD0A31199133D00DF867A /* jmemnobs.c */ = {isa = PBXFileReference; fileEncoding = 4; lastKnownFileType = sourcecode.c.c; path = jmemnobs.c; sourceTree = "<group>"; };
		565AD0A41199133D00DF867A /* jquant1.c */ = {isa = PBXFileReference; fileEncoding = 4; lastKnownFileType = sourcecode.c.c; path = jquant1.c; sourceTree = "<group>"; };
		565AD0A51199133D00DF867A /* jquant2.c */ = {isa = PBXFileReference; fileEncoding = 4; lastKnownFileType = sourcecode.c.c; path = jquant2.c; sourceTree = "<group>"; };
		565AD0A61199133D00DF867A /* jutils.c */ = {isa = PBXFileReference; fileEncoding = 4; lastKnownFileType = sourcecode.c.c; path = jutils.c; sourceTree = "<group>"; };
		565AD0EC1199140000DF867A /* png.c */ = {isa = PBXFileReference; fileEncoding = 4; lastKnownFileType = sourcecode.c.c; path = png.c; sourceTree = "<group>"; };
		565AD0ED1199140000DF867A /* pngerror.c */ = {isa = PBXFileReference; fileEncoding = 4; lastKnownFileType = sourcecode.c.c; path = pngerror.c; sourceTree = "<group>"; };
		565AD0EF1199140000DF867A /* pngget.c */ = {isa = PBXFileReference; fileEncoding = 4; lastKnownFileType = sourcecode.c.c; path = pngget.c; sourceTree = "<group>"; };
		565AD0F01199140000DF867A /* pngmem.c */ = {isa = PBXFileReference; fileEncoding = 4; lastKnownFileType = sourcecode.c.c; path = pngmem.c; sourceTree = "<group>"; };
		565AD0F11199140000DF867A /* pngpread.c */ = {isa = PBXFileReference; fileEncoding = 4; lastKnownFileType = sourcecode.c.c; path = pngpread.c; sourceTree = "<group>"; };
		565AD0F21199140000DF867A /* pngread.c */ = {isa = PBXFileReference; fileEncoding = 4; lastKnownFileType = sourcecode.c.c; path = pngread.c; sourceTree = "<group>"; };
		565AD0F31199140000DF867A /* pngrio.c */ = {isa = PBXFileReference; fileEncoding = 4; lastKnownFileType = sourcecode.c.c; path = pngrio.c; sourceTree = "<group>"; };
		565AD0F41199140000DF867A /* pngrtran.c */ = {isa = PBXFileReference; fileEncoding = 4; lastKnownFileType = sourcecode.c.c; path = pngrtran.c; sourceTree = "<group>"; };
		565AD0F51199140000DF867A /* pngrutil.c */ = {isa = PBXFileReference; fileEncoding = 4; lastKnownFileType = sourcecode.c.c; path = pngrutil.c; sourceTree = "<group>"; };
		565AD0F61199140000DF867A /* pngset.c */ = {isa = PBXFileReference; fileEncoding = 4; lastKnownFileType = sourcecode.c.c; path = pngset.c; sourceTree = "<group>"; };
		565AD0F71199140000DF867A /* pngtrans.c */ = {isa = PBXFileReference; fileEncoding = 4; lastKnownFileType = sourcecode.c.c; path = pngtrans.c; sourceTree = "<group>"; };
		565AD0F91199140000DF867A /* pngwio.c */ = {isa = PBXFileReference; fileEncoding = 4; lastKnownFileType = sourcecode.c.c; path = pngwio.c; sourceTree = "<group>"; };
		565AD0FA1199140000DF867A /* pngwrite.c */ = {isa = PBXFileReference; fileEncoding = 4; lastKnownFileType = sourcecode.c.c; path = pngwrite.c; sourceTree = "<group>"; };
		565AD0FB1199140000DF867A /* pngwtran.c */ = {isa = PBXFileReference; fileEncoding = 4; lastKnownFileType = sourcecode.c.c; path = pngwtran.c; sourceTree = "<group>"; };
		565AD0FC1199140000DF867A /* pngwutil.c */ = {isa = PBXFileReference; fileEncoding = 4; lastKnownFileType = sourcecode.c.c; path = pngwutil.c; sourceTree = "<group>"; };
		565AD10E1199144400DF867A /* Carbon.framework */ = {isa = PBXFileReference; lastKnownFileType = wrapper.framework; name = Carbon.framework; path = System/Library/Frameworks/Carbon.framework; sourceTree = SDKROOT; };
		565AD1101199144400DF867A /* Cocoa.framework */ = {isa = PBXFileReference; lastKnownFileType = wrapper.framework; name = Cocoa.framework; path = System/Library/Frameworks/Cocoa.framework; sourceTree = SDKROOT; };
		565AD1121199144400DF867A /* IOKit.framework */ = {isa = PBXFileReference; lastKnownFileType = wrapper.framework; name = IOKit.framework; path = System/Library/Frameworks/IOKit.framework; sourceTree = SDKROOT; };
		565AD1141199144400DF867A /* OpenAL.framework */ = {isa = PBXFileReference; lastKnownFileType = wrapper.framework; name = OpenAL.framework; path = System/Library/Frameworks/OpenAL.framework; sourceTree = SDKROOT; };
		565AD1161199144400DF867A /* OpenGL.framework */ = {isa = PBXFileReference; lastKnownFileType = wrapper.framework; name = OpenGL.framework; path = System/Library/Frameworks/OpenGL.framework; sourceTree = SDKROOT; };
		565AD1231199145D00DF867A /* CoreFoundation.framework */ = {isa = PBXFileReference; lastKnownFileType = wrapper.framework; name = CoreFoundation.framework; path = System/Library/Frameworks/CoreFoundation.framework; sourceTree = SDKROOT; };
		565AD18D1199303700DF867A /* lugaru.icns */ = {isa = PBXFileReference; lastKnownFileType = image.icns; path = lugaru.icns; sourceTree = "<group>"; };
		56A5C95D119BB09D00822AF6 /* jaricom.c */ = {isa = PBXFileReference; fileEncoding = 4; lastKnownFileType = sourcecode.c.c; path = jaricom.c; sourceTree = "<group>"; };
		56A5C95E119BB09D00822AF6 /* jcarith.c */ = {isa = PBXFileReference; fileEncoding = 4; lastKnownFileType = sourcecode.c.c; path = jcarith.c; sourceTree = "<group>"; };
		56A5C95F119BB09D00822AF6 /* jdarith.c */ = {isa = PBXFileReference; fileEncoding = 4; lastKnownFileType = sourcecode.c.c; path = jdarith.c; sourceTree = "<group>"; };
		8D1107310486CEB800E47090 /* Lugaru-Info.plist */ = {isa = PBXFileReference; fileEncoding = 4; lastKnownFileType = text.plist.xml; path = "Lugaru-Info.plist"; sourceTree = "<group>"; };
		8D1107320486CEB800E47090 /* Lugaru.app */ = {isa = PBXFileReference; explicitFileType = wrapper.application; includeInIndex = 0; path = Lugaru.app; sourceTree = BUILT_PRODUCTS_DIR; };
		E1DC1D24137BD90700E6FD6F /* Sprite.cpp */ = {isa = PBXFileReference; fileEncoding = 4; lastKnownFileType = sourcecode.cpp.cpp; path = Sprite.cpp; sourceTree = "<group>"; };
		E1DC1D30137BD9FE00E6FD6F /* Sounds.cpp */ = {isa = PBXFileReference; fileEncoding = 4; lastKnownFileType = sourcecode.cpp.cpp; path = Sounds.cpp; sourceTree = "<group>"; };
		E1DC1D36137BDA1200E6FD6F /* Stereo.cpp */ = {isa = PBXFileReference; fileEncoding = 4; lastKnownFileType = sourcecode.cpp.cpp; path = Stereo.cpp; sourceTree = "<group>"; };
		E1DC1D3E137BDA7900E6FD6F /* Account.cpp */ = {isa = PBXFileReference; fileEncoding = 4; lastKnownFileType = sourcecode.cpp.cpp; path = Account.cpp; sourceTree = "<group>"; };
		E1DC1D43137BDA9400E6FD6F /* Game.cpp */ = {isa = PBXFileReference; fileEncoding = 4; lastKnownFileType = sourcecode.cpp.cpp; path = Game.cpp; sourceTree = "<group>"; };
		E1DC1D48137BDB1900E6FD6F /* Awards.cpp */ = {isa = PBXFileReference; fileEncoding = 4; lastKnownFileType = sourcecode.cpp.cpp; path = Awards.cpp; sourceTree = "<group>"; };
		E1DC1D4C137BDB3400E6FD6F /* Input.cpp */ = {isa = PBXFileReference; fileEncoding = 4; lastKnownFileType = sourcecode.cpp.cpp; path = Input.cpp; sourceTree = "<group>"; };
		E1DC1D50137BDB4600E6FD6F /* Animation.cpp */ = {isa = PBXFileReference; fileEncoding = 4; lastKnownFileType = sourcecode.cpp.cpp; path = Animation.cpp; sourceTree = "<group>"; };
		E1DC1D54137BDB5900E6FD6F /* Settings.cpp */ = {isa = PBXFileReference; fileEncoding = 4; lastKnownFileType = sourcecode.cpp.cpp; path = Settings.cpp; sourceTree = "<group>"; };
/* End PBXFileReference section */

/* Begin PBXFrameworksBuildPhase section */
		55A13CD11CC95FFE0070DECF /* Frameworks */ = {
			isa = PBXFrameworksBuildPhase;
			buildActionMask = 2147483647;
			files = (
			);
			runOnlyForDeploymentPostprocessing = 0;
		};
		55A13CDA1CC960160070DECF /* Frameworks */ = {
			isa = PBXFrameworksBuildPhase;
			buildActionMask = 2147483647;
			files = (
			);
			runOnlyForDeploymentPostprocessing = 0;
		};
		55A13CE21CC960180070DECF /* Frameworks */ = {
			isa = PBXFrameworksBuildPhase;
			buildActionMask = 2147483647;
			files = (
			);
			runOnlyForDeploymentPostprocessing = 0;
		};
		55A13CEA1CC960190070DECF /* Frameworks */ = {
			isa = PBXFrameworksBuildPhase;
			buildActionMask = 2147483647;
			files = (
			);
			runOnlyForDeploymentPostprocessing = 0;
		};
		8D11072E0486CEB800E47090 /* Frameworks */ = {
			isa = PBXFrameworksBuildPhase;
			buildActionMask = 2147483647;
			files = (
				55A13CF81CC961210070DECF /* libjpeg.a in Frameworks */,
				55A13CF91CC961210070DECF /* libogg.a in Frameworks */,
				55A13CFA1CC961210070DECF /* libpng.a in Frameworks */,
				55A13CFB1CC961210070DECF /* libvorbis.a in Frameworks */,
				550AE9A318DFC22800F0C197 /* SDL2.framework in Frameworks */,
				550AE98018DFC1CE00F0C197 /* libz.dylib in Frameworks */,
				565AD1151199144400DF867A /* OpenAL.framework in Frameworks */,
				565AD1171199144400DF867A /* OpenGL.framework in Frameworks */,
			);
			runOnlyForDeploymentPostprocessing = 0;
		};
/* End PBXFrameworksBuildPhase section */

/* Begin PBXGroup section */
		19C28FACFE9D520D11CA2CBB /* Products */ = {
			isa = PBXGroup;
			children = (
				8D1107320486CEB800E47090 /* Lugaru.app */,
				55A13CD41CC95FFE0070DECF /* libpng.a */,
				55A13CDF1CC960160070DECF /* libjpeg.a */,
				55A13CE71CC960180070DECF /* libvorbis.a */,
				55A13CEF1CC960190070DECF /* libogg.a */,
			);
			name = Products;
			sourceTree = "<group>";
		};
		29B97314FDCFA39411CA2CEA /* Lugaru */ = {
			isa = PBXGroup;
			children = (
				56B7BBB311990A5900D910BE /* Lugaru Sources */,
				565AD02F11990DC100DF867A /* Vendor */,
				29B97317FDCFA39411CA2CEA /* Resources */,
				29B97323FDCFA39411CA2CEA /* Frameworks */,
				19C28FACFE9D520D11CA2CBB /* Products */,
			);
			name = Lugaru;
			sourceTree = "<group>";
			usesTabs = 0;
		};
		29B97317FDCFA39411CA2CEA /* Resources */ = {
			isa = PBXGroup;
			children = (
				550AE9A618DFC29A00F0C197 /* Data */,
				565AD18D1199303700DF867A /* lugaru.icns */,
				550AE9A818DFC8B700F0C197 /* Images.xcassets */,
				8D1107310486CEB800E47090 /* Lugaru-Info.plist */,
				551C714D1CCA8F6C0098D893 /* Lugaru.exp */,
			);
			name = Resources;
			sourceTree = "<group>";
		};
		29B97323FDCFA39411CA2CEA /* Frameworks */ = {
			isa = PBXGroup;
			children = (
				550AE9A218DFC22800F0C197 /* SDL2.framework */,
				565AD10E1199144400DF867A /* Carbon.framework */,
				565AD1101199144400DF867A /* Cocoa.framework */,
				565AD1121199144400DF867A /* IOKit.framework */,
				565AD1141199144400DF867A /* OpenAL.framework */,
				565AD1161199144400DF867A /* OpenGL.framework */,
				565AD1231199145D00DF867A /* CoreFoundation.framework */,
				550AE97F18DFC1CE00F0C197 /* libz.dylib */,
			);
			name = Frameworks;
			sourceTree = "<group>";
		};
		55A13CBE1CC95F480070DECF /* ogg */ = {
			isa = PBXGroup;
			children = (
				55A13CC21CC95F480070DECF /* ogg.h */,
				55A13CC31CC95F480070DECF /* os_types.h */,
			);
			name = ogg;
			path = include/ogg;
			sourceTree = "<group>";
		};
		55A13CCA1CC95F910070DECF /* vorbis */ = {
			isa = PBXGroup;
			children = (
				55A13CCB1CC95F910070DECF /* codec.h */,
				55A13CCE1CC95F910070DECF /* vorbisenc.h */,
				55A13CCF1CC95F910070DECF /* vorbisfile.h */,
			);
			name = vorbis;
			path = include/vorbis;
			sourceTree = "<group>";
		};
		55A13CFC1CC9626D0070DECF /* OpenAL wrappers */ = {
			isa = PBXGroup;
			children = (
				550AE98118DFC20600F0C197 /* alstubs.h */,
				565ACFFA11990D7600DF867A /* openal_wrapper.cpp */,
				550AE99018DFC20600F0C197 /* openal_wrapper.h */,
			);
			name = "OpenAL wrappers";
			sourceTree = "<group>";
		};
		55AFA19C1CC877C500A2E222 /* Pack */ = {
			isa = PBXGroup;
			children = (
				550AE98218DFC20600F0C197 /* binio.h */,
				565ACFFF11990D7600DF867A /* private.c */,
				550AE99518DFC20600F0C197 /* private.h */,
				565AD00911990D7600DF867A /* unpack.c */,
				565ACFFD11990D7600DF867A /* pack.c */,
			);
			name = Pack;
			sourceTree = "<group>";
			usesTabs = 0;
		};
		565AD02F11990DC100DF867A /* Vendor */ = {
			isa = PBXGroup;
			children = (
				565AD03511990DEB00DF867A /* libvorbis */,
				565AD03411990DE400DF867A /* libogg */,
				565AD03211990DD400DF867A /* libjpeg */,
				565AD03011990DCA00DF867A /* libpng */,
			);
			name = Vendor;
			path = ../Dependencies;
			sourceTree = "<group>";
		};
		565AD03011990DCA00DF867A /* libpng */ = {
			isa = PBXGroup;
			children = (
				55A13CC71CC95F710070DECF /* png.h */,
				55A13CC81CC95F710070DECF /* pngconf.h */,
				55A13CC91CC95F710070DECF /* pngpriv.h */,
				565AD0EC1199140000DF867A /* png.c */,
				565AD0ED1199140000DF867A /* pngerror.c */,
				565AD0EF1199140000DF867A /* pngget.c */,
				565AD0F01199140000DF867A /* pngmem.c */,
				565AD0F11199140000DF867A /* pngpread.c */,
				565AD0F21199140000DF867A /* pngread.c */,
				565AD0F31199140000DF867A /* pngrio.c */,
				565AD0F41199140000DF867A /* pngrtran.c */,
				565AD0F51199140000DF867A /* pngrutil.c */,
				565AD0F61199140000DF867A /* pngset.c */,
				565AD0F71199140000DF867A /* pngtrans.c */,
				565AD0F91199140000DF867A /* pngwio.c */,
				565AD0FA1199140000DF867A /* pngwrite.c */,
				565AD0FB1199140000DF867A /* pngwtran.c */,
				565AD0FC1199140000DF867A /* pngwutil.c */,
			);
			path = libpng;
			sourceTree = "<group>";
		};
		565AD03211990DD400DF867A /* libjpeg */ = {
			isa = PBXGroup;
			children = (
				56A5C95D119BB09D00822AF6 /* jaricom.c */,
				56A5C95E119BB09D00822AF6 /* jcarith.c */,
				56A5C95F119BB09D00822AF6 /* jdarith.c */,
				565AD07A1199133D00DF867A /* jcapimin.c */,
				565AD07B1199133D00DF867A /* jcapistd.c */,
				565AD07C1199133D00DF867A /* jccoefct.c */,
				565AD07D1199133D00DF867A /* jccolor.c */,
				565AD07E1199133D00DF867A /* jcdctmgr.c */,
				565AD07F1199133D00DF867A /* jchuff.c */,
				565AD0801199133D00DF867A /* jcinit.c */,
				565AD0811199133D00DF867A /* jcmainct.c */,
				565AD0821199133D00DF867A /* jcmarker.c */,
				565AD0831199133D00DF867A /* jcmaster.c */,
				565AD0841199133D00DF867A /* jcomapi.c */,
				565AD0851199133D00DF867A /* jcparam.c */,
				565AD0871199133D00DF867A /* jcprepct.c */,
				565AD0881199133D00DF867A /* jcsample.c */,
				565AD0891199133D00DF867A /* jdapimin.c */,
				565AD08A1199133D00DF867A /* jdapistd.c */,
				565AD08B1199133D00DF867A /* jdatadst.c */,
				565AD08C1199133D00DF867A /* jdatasrc.c */,
				565AD08D1199133D00DF867A /* jdcoefct.c */,
				565AD08E1199133D00DF867A /* jdcolor.c */,
				565AD08F1199133D00DF867A /* jddctmgr.c */,
				565AD0901199133D00DF867A /* jdhuff.c */,
				565AD0911199133D00DF867A /* jdinput.c */,
				565AD0921199133D00DF867A /* jdmainct.c */,
				565AD0931199133D00DF867A /* jdmarker.c */,
				565AD0941199133D00DF867A /* jdmaster.c */,
				565AD0951199133D00DF867A /* jdmerge.c */,
				565AD0971199133D00DF867A /* jdpostct.c */,
				565AD0981199133D00DF867A /* jdsample.c */,
				565AD0991199133D00DF867A /* jdtrans.c */,
				565AD09A1199133D00DF867A /* jerror.c */,
				565AD09B1199133D00DF867A /* jfdctflt.c */,
				565AD09C1199133D00DF867A /* jfdctfst.c */,
				565AD09D1199133D00DF867A /* jfdctint.c */,
				565AD09E1199133D00DF867A /* jidctflt.c */,
				565AD09F1199133D00DF867A /* jidctfst.c */,
				565AD0A01199133D00DF867A /* jidctint.c */,
				565AD0A21199133D00DF867A /* jmemmgr.c */,
				565AD0A31199133D00DF867A /* jmemnobs.c */,
				565AD0A41199133D00DF867A /* jquant1.c */,
				565AD0A51199133D00DF867A /* jquant2.c */,
				565AD0A61199133D00DF867A /* jutils.c */,
			);
			path = libjpeg;
			sourceTree = "<group>";
		};
		565AD03411990DE400DF867A /* libogg */ = {
			isa = PBXGroup;
			children = (
				55A13CBE1CC95F480070DECF /* ogg */,
				565AD05E11990E3C00DF867A /* bitwise.c */,
				565AD05F11990E3C00DF867A /* framing.c */,
			);
			path = libogg;
			sourceTree = "<group>";
		};
		565AD03511990DEB00DF867A /* libvorbis */ = {
			isa = PBXGroup;
			children = (
				55A13CCA1CC95F910070DECF /* vorbis */,
				565AD03611990E2A00DF867A /* analysis.c */,
				565AD03711990E2A00DF867A /* bitrate.c */,
				565AD03811990E2A00DF867A /* block.c */,
				565AD03911990E2A00DF867A /* codebook.c */,
				565AD03A11990E2A00DF867A /* envelope.c */,
				565AD03B11990E2A00DF867A /* floor0.c */,
				565AD03C11990E2A00DF867A /* floor1.c */,
				565AD03D11990E2A00DF867A /* info.c */,
				565AD03E11990E2A00DF867A /* lpc.c */,
				565AD03F11990E2A00DF867A /* lsp.c */,
				565AD04011990E2A00DF867A /* mapping0.c */,
				565AD04111990E2A00DF867A /* mdct.c */,
				565AD04211990E2A00DF867A /* psy.c */,
				565AD04311990E2A00DF867A /* registry.c */,
				565AD04411990E2A00DF867A /* res0.c */,
				565AD04511990E2A00DF867A /* sharedbook.c */,
				565AD04611990E2A00DF867A /* smallft.c */,
				565AD04711990E2A00DF867A /* synthesis.c */,
				565AD04811990E2A00DF867A /* vorbisfile.c */,
				565AD04911990E2A00DF867A /* window.c */,
			);
			path = libvorbis;
			sourceTree = "<group>";
		};
		56B7BBB311990A5900D910BE /* Lugaru Sources */ = {
			isa = PBXGroup;
			children = (
				55A13CFC1CC9626D0070DECF /* OpenAL wrappers */,
				55AFA19C1CC877C500A2E222 /* Pack */,
				55A13CBC1CC953C40070DECF /* Lugaru.pch */,
				E1DC1D3E137BDA7900E6FD6F /* Account.cpp */,
				55BDE32D1CDAB47400191270 /* Account.h */,
				E1DC1D50137BDB4600E6FD6F /* Animation.cpp */,
				55BDE32E1CDAB47400191270 /* Animation.h */,
				E1DC1D48137BDB1900E6FD6F /* Awards.cpp */,
				55BDE32F1CDAB47400191270 /* Awards.h */,
				550AE98318DFC20600F0C197 /* ConsoleCmds.h */,
				565ACFF111990D7600DF867A /* Frustum.cpp */,
				550AE98518DFC20600F0C197 /* Frustum.h */,
				E1DC1D43137BDA9400E6FD6F /* Game.cpp */,
				550AE98618DFC20600F0C197 /* Game.h */,
				565ACFF211990D7600DF867A /* GameDraw.cpp */,
				550AE98718DFC20600F0C197 /* gamegl.h */,
				565ACFF311990D7600DF867A /* GameInitDispose.cpp */,
				565ACFF411990D7600DF867A /* GameTick.cpp */,
				565ACFF511990D7600DF867A /* Globals.cpp */,
				55C148C61CCA0241007E238B /* Globals.h */,
				550AE98818DFC20600F0C197 /* glstubs.h */,
				565ACFF611990D7600DF867A /* Lights.cpp */,
				550AE98918DFC20600F0C197 /* Lights.h */,
				565ACFF711990D7600DF867A /* MacCompatibility.cpp */,
				550AE98B18DFC20600F0C197 /* MacCompatibility.h */,
				55BDE2FD1CDAAE8400191270 /* Menu.cpp */,
				55BDE3311CDAB47400191270 /* Menu.h */,
				565ACFF811990D7600DF867A /* Models.cpp */,
				550AE98D18DFC20600F0C197 /* Models.h */,
				565ACFF911990D7600DF867A /* Objects.cpp */,
				550AE98F18DFC20600F0C197 /* Objects.h */,
				565ACFFB11990D7600DF867A /* OpenGL_Windows.cpp */,
				565ACFFE11990D7600DF867A /* Person.cpp */,
				550AE99218DFC20600F0C197 /* Person.h */,
				550AE99318DFC20600F0C197 /* PhysicsMath.h */,
				565AD00011990D7600DF867A /* Quaternions.cpp */,
				550AE99618DFC20600F0C197 /* Quaternions.h */,
				E1DC1D54137BDB5900E6FD6F /* Settings.cpp */,
				55BDE3321CDAB47400191270 /* Settings.h */,
				565AD00211990D7600DF867A /* Skeleton.cpp */,
				550AE99818DFC20600F0C197 /* Skeleton.h */,
				565AD00311990D7600DF867A /* Skybox.cpp */,
				550AE99918DFC20600F0C197 /* Skybox.h */,
				E1DC1D30137BD9FE00E6FD6F /* Sounds.cpp */,
				55BDE3331CDAB47400191270 /* Sounds.h */,
				E1DC1D24137BD90700E6FD6F /* Sprite.cpp */,
				55BDE3341CDAB47400191270 /* Sprite.h */,
				E1DC1D36137BDA1200E6FD6F /* Stereo.cpp */,
				55BDE3351CDAB47400191270 /* Stereo.h */,
				565AD00511990D7600DF867A /* Terrain.cpp */,
				550AE99B18DFC20600F0C197 /* Terrain.h */,
				565AD00611990D7600DF867A /* Text.cpp */,
				550AE99C18DFC20600F0C197 /* Text.h */,
				55BDE2FE1CDAAE8400191270 /* Texture.cpp */,
				55BDE3361CDAB47400191270 /* Texture.h */,
				565AD00711990D7600DF867A /* TGALoader.cpp */,
				550AE99D18DFC20600F0C197 /* TGALoader.h */,
				565AD00A11990D7600DF867A /* Weapons.cpp */,
				550AE99F18DFC20600F0C197 /* Weapons.h */,
				550AE9A018DFC20600F0C197 /* WinDefs.h */,
				E1DC1D4C137BDB3400E6FD6F /* Input.cpp */,
				550AE9A118DFC20600F0C197 /* Input.h */,
			);
			name = "Lugaru Sources";
			path = ../Source;
			sourceTree = SOURCE_ROOT;
		};
/* End PBXGroup section */

/* Begin PBXHeadersBuildPhase section */
		55A13CD21CC95FFE0070DECF /* Headers */ = {
			isa = PBXHeadersBuildPhase;
			buildActionMask = 2147483647;
			files = (
			);
			runOnlyForDeploymentPostprocessing = 0;
		};
		55A13CDB1CC960160070DECF /* Headers */ = {
			isa = PBXHeadersBuildPhase;
			buildActionMask = 2147483647;
			files = (
			);
			runOnlyForDeploymentPostprocessing = 0;
		};
		55A13CE31CC960180070DECF /* Headers */ = {
			isa = PBXHeadersBuildPhase;
			buildActionMask = 2147483647;
			files = (
			);
			runOnlyForDeploymentPostprocessing = 0;
		};
		55A13CEB1CC960190070DECF /* Headers */ = {
			isa = PBXHeadersBuildPhase;
			buildActionMask = 2147483647;
			files = (
			);
			runOnlyForDeploymentPostprocessing = 0;
		};
/* End PBXHeadersBuildPhase section */

/* Begin PBXNativeTarget section */
		55A13CD31CC95FFE0070DECF /* png */ = {
			isa = PBXNativeTarget;
			buildConfigurationList = 55A13CD51CC95FFE0070DECF /* Build configuration list for PBXNativeTarget "png" */;
			buildPhases = (
				55A13CD01CC95FFE0070DECF /* Sources */,
				55A13CD11CC95FFE0070DECF /* Frameworks */,
				55A13CD21CC95FFE0070DECF /* Headers */,
			);
			buildRules = (
			);
			dependencies = (
			);
			name = png;
			productName = png;
			productReference = 55A13CD41CC95FFE0070DECF /* libpng.a */;
			productType = "com.apple.product-type.library.static";
		};
		55A13CD81CC960160070DECF /* jpeg */ = {
			isa = PBXNativeTarget;
			buildConfigurationList = 55A13CDC1CC960160070DECF /* Build configuration list for PBXNativeTarget "jpeg" */;
			buildPhases = (
				55A13CD91CC960160070DECF /* Sources */,
				55A13CDA1CC960160070DECF /* Frameworks */,
				55A13CDB1CC960160070DECF /* Headers */,
			);
			buildRules = (
			);
			dependencies = (
			);
			name = jpeg;
			productName = png;
			productReference = 55A13CDF1CC960160070DECF /* libjpeg.a */;
			productType = "com.apple.product-type.library.static";
		};
		55A13CE01CC960180070DECF /* vorbis */ = {
			isa = PBXNativeTarget;
			buildConfigurationList = 55A13CE41CC960180070DECF /* Build configuration list for PBXNativeTarget "vorbis" */;
			buildPhases = (
				55A13CE11CC960180070DECF /* Sources */,
				55A13CE21CC960180070DECF /* Frameworks */,
				55A13CE31CC960180070DECF /* Headers */,
			);
			buildRules = (
			);
			dependencies = (
			);
			name = vorbis;
			productName = png;
			productReference = 55A13CE71CC960180070DECF /* libvorbis.a */;
			productType = "com.apple.product-type.library.static";
		};
		55A13CE81CC960190070DECF /* ogg */ = {
			isa = PBXNativeTarget;
			buildConfigurationList = 55A13CEC1CC960190070DECF /* Build configuration list for PBXNativeTarget "ogg" */;
			buildPhases = (
				55A13CE91CC960190070DECF /* Sources */,
				55A13CEA1CC960190070DECF /* Frameworks */,
				55A13CEB1CC960190070DECF /* Headers */,
			);
			buildRules = (
			);
			dependencies = (
			);
			name = ogg;
			productName = png;
			productReference = 55A13CEF1CC960190070DECF /* libogg.a */;
			productType = "com.apple.product-type.library.static";
		};
		8D1107260486CEB800E47090 /* Lugaru */ = {
			isa = PBXNativeTarget;
			buildConfigurationList = C01FCF4A08A954540054247B /* Build configuration list for PBXNativeTarget "Lugaru" */;
			buildPhases = (
				8D1107290486CEB800E47090 /* Resources */,
				8D11072C0486CEB800E47090 /* Sources */,
				8D11072E0486CEB800E47090 /* Frameworks */,
				550AE9A418DFC23800F0C197 /* Copy Frameworks */,
				5500E41C1CC9CDC3007F8554 /* CopyFiles */,
			);
			buildRules = (
			);
			dependencies = (
				55A13CF11CC9611A0070DECF /* PBXTargetDependency */,
				55A13CF31CC9611A0070DECF /* PBXTargetDependency */,
				55A13CF51CC9611A0070DECF /* PBXTargetDependency */,
				55A13CF71CC9611A0070DECF /* PBXTargetDependency */,
			);
			name = Lugaru;
			productInstallPath = "$(HOME)/Applications";
			productName = Lugaru;
			productReference = 8D1107320486CEB800E47090 /* Lugaru.app */;
			productType = "com.apple.product-type.application";
		};
/* End PBXNativeTarget section */

/* Begin PBXProject section */
		29B97313FDCFA39411CA2CEA /* Project object */ = {
			isa = PBXProject;
			attributes = {
				LastUpgradeCheck = 0730;
				ORGANIZATIONNAME = Wolfire;
				TargetAttributes = {
					55A13CD31CC95FFE0070DECF = {
						CreatedOnToolsVersion = 7.3;
					};
				};
			};
			buildConfigurationList = C01FCF4E08A954540054247B /* Build configuration list for PBXProject "Lugaru" */;
			compatibilityVersion = "Xcode 3.2";
			developmentRegion = English;
			hasScannedForEncodings = 1;
			knownRegions = (
				en,
			);
			mainGroup = 29B97314FDCFA39411CA2CEA /* Lugaru */;
			projectDirPath = "";
			projectRoot = "";
			targets = (
				8D1107260486CEB800E47090 /* Lugaru */,
				55A13CD31CC95FFE0070DECF /* png */,
				55A13CD81CC960160070DECF /* jpeg */,
				55A13CE01CC960180070DECF /* vorbis */,
				55A13CE81CC960190070DECF /* ogg */,
			);
		};
/* End PBXProject section */

/* Begin PBXResourcesBuildPhase section */
		8D1107290486CEB800E47090 /* Resources */ = {
			isa = PBXResourcesBuildPhase;
			buildActionMask = 2147483647;
			files = (
				550AE9A918DFC8B700F0C197 /* Images.xcassets in Resources */,
			);
			runOnlyForDeploymentPostprocessing = 0;
		};
/* End PBXResourcesBuildPhase section */

/* Begin PBXSourcesBuildPhase section */
		55A13CD01CC95FFE0070DECF /* Sources */ = {
			isa = PBXSourcesBuildPhase;
			buildActionMask = 2147483647;
			files = (
				565AD0FD1199140000DF867A /* png.c in Sources */,
				565AD0FE1199140000DF867A /* pngerror.c in Sources */,
				565AD1001199140000DF867A /* pngget.c in Sources */,
				565AD1011199140000DF867A /* pngmem.c in Sources */,
				565AD1021199140000DF867A /* pngpread.c in Sources */,
				565AD1031199140000DF867A /* pngread.c in Sources */,
				565AD1041199140000DF867A /* pngrio.c in Sources */,
				565AD1051199140000DF867A /* pngrtran.c in Sources */,
				565AD1061199140000DF867A /* pngrutil.c in Sources */,
				565AD1071199140000DF867A /* pngset.c in Sources */,
				565AD1081199140000DF867A /* pngtrans.c in Sources */,
				565AD10A1199140000DF867A /* pngwio.c in Sources */,
				565AD10B1199140000DF867A /* pngwrite.c in Sources */,
				565AD10C1199140000DF867A /* pngwtran.c in Sources */,
				565AD10D1199140000DF867A /* pngwutil.c in Sources */,
			);
			runOnlyForDeploymentPostprocessing = 0;
		};
		55A13CD91CC960160070DECF /* Sources */ = {
			isa = PBXSourcesBuildPhase;
			buildActionMask = 2147483647;
			files = (
				565AD0A71199133D00DF867A /* jcapimin.c in Sources */,
				565AD0A81199133D00DF867A /* jcapistd.c in Sources */,
				565AD0A91199133D00DF867A /* jccoefct.c in Sources */,
				565AD0AA1199133D00DF867A /* jccolor.c in Sources */,
				565AD0AB1199133D00DF867A /* jcdctmgr.c in Sources */,
				565AD0AC1199133D00DF867A /* jchuff.c in Sources */,
				565AD0AD1199133D00DF867A /* jcinit.c in Sources */,
				565AD0AE1199133D00DF867A /* jcmainct.c in Sources */,
				565AD0AF1199133D00DF867A /* jcmarker.c in Sources */,
				565AD0B01199133D00DF867A /* jcmaster.c in Sources */,
				565AD0B11199133D00DF867A /* jcomapi.c in Sources */,
				565AD0B21199133D00DF867A /* jcparam.c in Sources */,
				565AD0B41199133D00DF867A /* jcprepct.c in Sources */,
				565AD0B51199133D00DF867A /* jcsample.c in Sources */,
				565AD0B61199133D00DF867A /* jdapimin.c in Sources */,
				565AD0B71199133D00DF867A /* jdapistd.c in Sources */,
				565AD0B81199133D00DF867A /* jdatadst.c in Sources */,
				565AD0B91199133D00DF867A /* jdatasrc.c in Sources */,
				565AD0BA1199133D00DF867A /* jdcoefct.c in Sources */,
				565AD0BB1199133D00DF867A /* jdcolor.c in Sources */,
				565AD0BC1199133D00DF867A /* jddctmgr.c in Sources */,
				565AD0BD1199133D00DF867A /* jdhuff.c in Sources */,
				565AD0BE1199133D00DF867A /* jdinput.c in Sources */,
				565AD0BF1199133D00DF867A /* jdmainct.c in Sources */,
				565AD0C01199133D00DF867A /* jdmarker.c in Sources */,
				565AD0C11199133D00DF867A /* jdmaster.c in Sources */,
				565AD0C21199133D00DF867A /* jdmerge.c in Sources */,
				565AD0C41199133D00DF867A /* jdpostct.c in Sources */,
				565AD0C51199133D00DF867A /* jdsample.c in Sources */,
				565AD0C61199133D00DF867A /* jdtrans.c in Sources */,
				565AD0C71199133D00DF867A /* jerror.c in Sources */,
				565AD0C81199133D00DF867A /* jfdctflt.c in Sources */,
				565AD0C91199133D00DF867A /* jfdctfst.c in Sources */,
				565AD0CA1199133D00DF867A /* jfdctint.c in Sources */,
				565AD0CB1199133D00DF867A /* jidctflt.c in Sources */,
				565AD0CC1199133D00DF867A /* jidctfst.c in Sources */,
				565AD0CD1199133D00DF867A /* jidctint.c in Sources */,
				565AD0CF1199133D00DF867A /* jmemmgr.c in Sources */,
				565AD0D01199133D00DF867A /* jmemnobs.c in Sources */,
				565AD0D11199133D00DF867A /* jquant1.c in Sources */,
				565AD0D21199133D00DF867A /* jquant2.c in Sources */,
				565AD0D31199133D00DF867A /* jutils.c in Sources */,
				56A5C960119BB09D00822AF6 /* jaricom.c in Sources */,
				56A5C961119BB09D00822AF6 /* jcarith.c in Sources */,
				56A5C962119BB09D00822AF6 /* jdarith.c in Sources */,
			);
			runOnlyForDeploymentPostprocessing = 0;
		};
		55A13CE11CC960180070DECF /* Sources */ = {
			isa = PBXSourcesBuildPhase;
			buildActionMask = 2147483647;
			files = (
				565AD04A11990E2A00DF867A /* analysis.c in Sources */,
				565AD04B11990E2A00DF867A /* bitrate.c in Sources */,
				565AD04C11990E2A00DF867A /* block.c in Sources */,
				565AD04D11990E2A00DF867A /* codebook.c in Sources */,
				565AD04E11990E2A00DF867A /* envelope.c in Sources */,
				565AD04F11990E2A00DF867A /* floor0.c in Sources */,
				565AD05011990E2A00DF867A /* floor1.c in Sources */,
				565AD05111990E2A00DF867A /* info.c in Sources */,
				565AD05211990E2A00DF867A /* lpc.c in Sources */,
				565AD05311990E2A00DF867A /* lsp.c in Sources */,
				565AD05411990E2A00DF867A /* mapping0.c in Sources */,
				565AD05511990E2A00DF867A /* mdct.c in Sources */,
				565AD05611990E2A00DF867A /* psy.c in Sources */,
				565AD05711990E2A00DF867A /* registry.c in Sources */,
				565AD05811990E2A00DF867A /* res0.c in Sources */,
				565AD05911990E2A00DF867A /* sharedbook.c in Sources */,
				565AD05A11990E2A00DF867A /* smallft.c in Sources */,
				565AD05B11990E2A00DF867A /* synthesis.c in Sources */,
				565AD05C11990E2A00DF867A /* vorbisfile.c in Sources */,
				565AD05D11990E2A00DF867A /* window.c in Sources */,
			);
			runOnlyForDeploymentPostprocessing = 0;
		};
		55A13CE91CC960190070DECF /* Sources */ = {
			isa = PBXSourcesBuildPhase;
			buildActionMask = 2147483647;
			files = (
				565AD06011990E3C00DF867A /* bitwise.c in Sources */,
				565AD06111990E3C00DF867A /* framing.c in Sources */,
			);
			runOnlyForDeploymentPostprocessing = 0;
		};
		8D11072C0486CEB800E47090 /* Sources */ = {
			isa = PBXSourcesBuildPhase;
			buildActionMask = 2147483647;
			files = (
				55BDE3001CDAAE8400191270 /* Texture.cpp in Sources */,
				55BDE2FF1CDAAE8400191270 /* Menu.cpp in Sources */,
				565AD00C11990D7600DF867A /* Frustum.cpp in Sources */,
				565AD00D11990D7600DF867A /* GameDraw.cpp in Sources */,
				565AD00E11990D7600DF867A /* GameInitDispose.cpp in Sources */,
				565AD00F11990D7600DF867A /* GameTick.cpp in Sources */,
				565AD01011990D7600DF867A /* Globals.cpp in Sources */,
				565AD01111990D7600DF867A /* Lights.cpp in Sources */,
				565AD01211990D7600DF867A /* MacCompatibility.cpp in Sources */,
				565AD01311990D7600DF867A /* Models.cpp in Sources */,
				565AD01411990D7600DF867A /* Objects.cpp in Sources */,
				565AD01511990D7600DF867A /* openal_wrapper.cpp in Sources */,
				565AD01611990D7600DF867A /* OpenGL_Windows.cpp in Sources */,
				565AD01811990D7600DF867A /* pack.c in Sources */,
				565AD01911990D7600DF867A /* Person.cpp in Sources */,
				565AD01A11990D7600DF867A /* private.c in Sources */,
				565AD01B11990D7600DF867A /* Quaternions.cpp in Sources */,
				565AD01D11990D7600DF867A /* Skeleton.cpp in Sources */,
				565AD01E11990D7600DF867A /* Skybox.cpp in Sources */,
				565AD02011990D7600DF867A /* Terrain.cpp in Sources */,
				565AD02111990D7600DF867A /* Text.cpp in Sources */,
				565AD02211990D7600DF867A /* TGALoader.cpp in Sources */,
				565AD02411990D7600DF867A /* unpack.c in Sources */,
				565AD02511990D7600DF867A /* Weapons.cpp in Sources */,
				E1DC1D26137BD90700E6FD6F /* Sprite.cpp in Sources */,
				E1DC1D32137BD9FE00E6FD6F /* Sounds.cpp in Sources */,
				E1DC1D38137BDA1200E6FD6F /* Stereo.cpp in Sources */,
				E1DC1D40137BDA7900E6FD6F /* Account.cpp in Sources */,
				E1DC1D45137BDA9400E6FD6F /* Game.cpp in Sources */,
				E1DC1D49137BDB1900E6FD6F /* Awards.cpp in Sources */,
				E1DC1D4D137BDB3400E6FD6F /* Input.cpp in Sources */,
				E1DC1D51137BDB4600E6FD6F /* Animation.cpp in Sources */,
				E1DC1D55137BDB5900E6FD6F /* Settings.cpp in Sources */,
			);
			runOnlyForDeploymentPostprocessing = 0;
		};
/* End PBXSourcesBuildPhase section */

/* Begin PBXTargetDependency section */
		55A13CF11CC9611A0070DECF /* PBXTargetDependency */ = {
			isa = PBXTargetDependency;
			target = 55A13CD31CC95FFE0070DECF /* png */;
			targetProxy = 55A13CF01CC9611A0070DECF /* PBXContainerItemProxy */;
		};
		55A13CF31CC9611A0070DECF /* PBXTargetDependency */ = {
			isa = PBXTargetDependency;
			target = 55A13CD81CC960160070DECF /* jpeg */;
			targetProxy = 55A13CF21CC9611A0070DECF /* PBXContainerItemProxy */;
		};
		55A13CF51CC9611A0070DECF /* PBXTargetDependency */ = {
			isa = PBXTargetDependency;
			target = 55A13CE01CC960180070DECF /* vorbis */;
			targetProxy = 55A13CF41CC9611A0070DECF /* PBXContainerItemProxy */;
		};
		55A13CF71CC9611A0070DECF /* PBXTargetDependency */ = {
			isa = PBXTargetDependency;
			target = 55A13CE81CC960190070DECF /* ogg */;
			targetProxy = 55A13CF61CC9611A0070DECF /* PBXContainerItemProxy */;
		};
/* End PBXTargetDependency section */

/* Begin XCBuildConfiguration section */
		55A13CD61CC95FFE0070DECF /* Debug */ = {
			isa = XCBuildConfiguration;
			buildSettings = {
				ALWAYS_SEARCH_USER_PATHS = NO;
				CLANG_ANALYZER_NONNULL = YES;
				CLANG_ENABLE_MODULES = YES;
				CLANG_ENABLE_OBJC_ARC = YES;
				CLANG_WARN_DIRECT_OBJC_ISA_USAGE = YES_ERROR;
				CLANG_WARN_OBJC_ROOT_CLASS = YES_ERROR;
				CODE_SIGN_IDENTITY = "-";
				COPY_PHASE_STRIP = NO;
				EXECUTABLE_PREFIX = lib;
				GCC_DYNAMIC_NO_PIC = NO;
				GCC_WARN_ABOUT_RETURN_TYPE = YES_ERROR;
				GCC_WARN_INHIBIT_ALL_WARNINGS = YES;
				GCC_WARN_UNINITIALIZED_AUTOS = YES_AGGRESSIVE;
				MTL_ENABLE_DEBUG_INFO = YES;
				PRODUCT_NAME = "$(TARGET_NAME)";
				SKIP_INSTALL = YES;
			};
			name = Debug;
		};
		55A13CD71CC95FFE0070DECF /* Release */ = {
			isa = XCBuildConfiguration;
			buildSettings = {
				ALWAYS_SEARCH_USER_PATHS = NO;
				CLANG_ANALYZER_NONNULL = YES;
				CLANG_ENABLE_MODULES = YES;
				CLANG_ENABLE_OBJC_ARC = YES;
				CLANG_WARN_DIRECT_OBJC_ISA_USAGE = YES_ERROR;
				CLANG_WARN_OBJC_ROOT_CLASS = YES_ERROR;
				CODE_SIGN_IDENTITY = "-";
				COPY_PHASE_STRIP = NO;
				ENABLE_NS_ASSERTIONS = NO;
				EXECUTABLE_PREFIX = lib;
				GCC_SYMBOLS_PRIVATE_EXTERN = YES;
				GCC_WARN_ABOUT_RETURN_TYPE = YES_ERROR;
				GCC_WARN_INHIBIT_ALL_WARNINGS = YES;
				GCC_WARN_UNINITIALIZED_AUTOS = YES_AGGRESSIVE;
				MTL_ENABLE_DEBUG_INFO = NO;
				PRODUCT_NAME = "$(TARGET_NAME)";
				SKIP_INSTALL = YES;
			};
			name = Release;
		};
		55A13CDD1CC960160070DECF /* Debug */ = {
			isa = XCBuildConfiguration;
			buildSettings = {
				ALWAYS_SEARCH_USER_PATHS = NO;
				CLANG_ANALYZER_NONNULL = YES;
				CLANG_ENABLE_MODULES = YES;
				CLANG_ENABLE_OBJC_ARC = YES;
				CLANG_WARN_DIRECT_OBJC_ISA_USAGE = YES_ERROR;
				CLANG_WARN_OBJC_ROOT_CLASS = YES_ERROR;
				CODE_SIGN_IDENTITY = "-";
				COPY_PHASE_STRIP = NO;
				EXECUTABLE_PREFIX = lib;
				GCC_DYNAMIC_NO_PIC = NO;
				GCC_WARN_ABOUT_RETURN_TYPE = YES_ERROR;
				GCC_WARN_INHIBIT_ALL_WARNINGS = YES;
				GCC_WARN_UNINITIALIZED_AUTOS = YES_AGGRESSIVE;
				MTL_ENABLE_DEBUG_INFO = YES;
				PRODUCT_NAME = "$(TARGET_NAME)";
				SKIP_INSTALL = YES;
			};
			name = Debug;
		};
		55A13CDE1CC960160070DECF /* Release */ = {
			isa = XCBuildConfiguration;
			buildSettings = {
				ALWAYS_SEARCH_USER_PATHS = NO;
				CLANG_ANALYZER_NONNULL = YES;
				CLANG_ENABLE_MODULES = YES;
				CLANG_ENABLE_OBJC_ARC = YES;
				CLANG_WARN_DIRECT_OBJC_ISA_USAGE = YES_ERROR;
				CLANG_WARN_OBJC_ROOT_CLASS = YES_ERROR;
				CODE_SIGN_IDENTITY = "-";
				COPY_PHASE_STRIP = NO;
				ENABLE_NS_ASSERTIONS = NO;
				EXECUTABLE_PREFIX = lib;
				GCC_SYMBOLS_PRIVATE_EXTERN = YES;
				GCC_WARN_ABOUT_RETURN_TYPE = YES_ERROR;
				GCC_WARN_INHIBIT_ALL_WARNINGS = YES;
				GCC_WARN_UNINITIALIZED_AUTOS = YES_AGGRESSIVE;
				MTL_ENABLE_DEBUG_INFO = NO;
				PRODUCT_NAME = "$(TARGET_NAME)";
				SKIP_INSTALL = YES;
			};
			name = Release;
		};
		55A13CE51CC960180070DECF /* Debug */ = {
			isa = XCBuildConfiguration;
			buildSettings = {
				ALWAYS_SEARCH_USER_PATHS = NO;
				CLANG_ANALYZER_NONNULL = YES;
				CLANG_ENABLE_MODULES = YES;
				CLANG_ENABLE_OBJC_ARC = YES;
				CLANG_WARN_DIRECT_OBJC_ISA_USAGE = YES_ERROR;
				CLANG_WARN_OBJC_ROOT_CLASS = YES_ERROR;
				CODE_SIGN_IDENTITY = "-";
				COPY_PHASE_STRIP = NO;
				EXECUTABLE_PREFIX = lib;
				GCC_DYNAMIC_NO_PIC = NO;
				GCC_WARN_ABOUT_RETURN_TYPE = YES_ERROR;
				GCC_WARN_INHIBIT_ALL_WARNINGS = YES;
				GCC_WARN_UNINITIALIZED_AUTOS = YES_AGGRESSIVE;
				MTL_ENABLE_DEBUG_INFO = YES;
				PRODUCT_NAME = "$(TARGET_NAME)";
				SKIP_INSTALL = YES;
			};
			name = Debug;
		};
		55A13CE61CC960180070DECF /* Release */ = {
			isa = XCBuildConfiguration;
			buildSettings = {
				ALWAYS_SEARCH_USER_PATHS = NO;
				CLANG_ANALYZER_NONNULL = YES;
				CLANG_ENABLE_MODULES = YES;
				CLANG_ENABLE_OBJC_ARC = YES;
				CLANG_WARN_DIRECT_OBJC_ISA_USAGE = YES_ERROR;
				CLANG_WARN_OBJC_ROOT_CLASS = YES_ERROR;
				CODE_SIGN_IDENTITY = "-";
				COPY_PHASE_STRIP = NO;
				ENABLE_NS_ASSERTIONS = NO;
				EXECUTABLE_PREFIX = lib;
				GCC_SYMBOLS_PRIVATE_EXTERN = YES;
				GCC_WARN_ABOUT_RETURN_TYPE = YES_ERROR;
				GCC_WARN_INHIBIT_ALL_WARNINGS = YES;
				GCC_WARN_UNINITIALIZED_AUTOS = YES_AGGRESSIVE;
				MTL_ENABLE_DEBUG_INFO = NO;
				PRODUCT_NAME = "$(TARGET_NAME)";
				SKIP_INSTALL = YES;
			};
			name = Release;
		};
		55A13CED1CC960190070DECF /* Debug */ = {
			isa = XCBuildConfiguration;
			buildSettings = {
				ALWAYS_SEARCH_USER_PATHS = NO;
				CLANG_ANALYZER_NONNULL = YES;
				CLANG_ENABLE_MODULES = YES;
				CLANG_ENABLE_OBJC_ARC = YES;
				CLANG_WARN_DIRECT_OBJC_ISA_USAGE = YES_ERROR;
				CLANG_WARN_OBJC_ROOT_CLASS = YES_ERROR;
				CODE_SIGN_IDENTITY = "-";
				COPY_PHASE_STRIP = NO;
				EXECUTABLE_PREFIX = lib;
				GCC_DYNAMIC_NO_PIC = NO;
				GCC_WARN_ABOUT_RETURN_TYPE = YES_ERROR;
				GCC_WARN_INHIBIT_ALL_WARNINGS = YES;
				GCC_WARN_UNINITIALIZED_AUTOS = YES_AGGRESSIVE;
				MTL_ENABLE_DEBUG_INFO = YES;
				PRODUCT_NAME = "$(TARGET_NAME)";
				SKIP_INSTALL = YES;
			};
			name = Debug;
		};
		55A13CEE1CC960190070DECF /* Release */ = {
			isa = XCBuildConfiguration;
			buildSettings = {
				ALWAYS_SEARCH_USER_PATHS = NO;
				CLANG_ANALYZER_NONNULL = YES;
				CLANG_ENABLE_MODULES = YES;
				CLANG_ENABLE_OBJC_ARC = YES;
				CLANG_WARN_DIRECT_OBJC_ISA_USAGE = YES_ERROR;
				CLANG_WARN_OBJC_ROOT_CLASS = YES_ERROR;
				CODE_SIGN_IDENTITY = "-";
				COPY_PHASE_STRIP = NO;
				ENABLE_NS_ASSERTIONS = NO;
				EXECUTABLE_PREFIX = lib;
				GCC_SYMBOLS_PRIVATE_EXTERN = YES;
				GCC_WARN_ABOUT_RETURN_TYPE = YES_ERROR;
				GCC_WARN_INHIBIT_ALL_WARNINGS = YES;
				GCC_WARN_UNINITIALIZED_AUTOS = YES_AGGRESSIVE;
				MTL_ENABLE_DEBUG_INFO = NO;
				PRODUCT_NAME = "$(TARGET_NAME)";
				SKIP_INSTALL = YES;
			};
			name = Release;
		};
		C01FCF4B08A954540054247B /* Debug */ = {
			isa = XCBuildConfiguration;
			buildSettings = {
				ALWAYS_SEARCH_USER_PATHS = NO;
				ASSETCATALOG_COMPILER_APPICON_NAME = lugaru;
				CODE_SIGN_IDENTITY = "";
				COMBINE_HIDPI_IMAGES = YES;
				COPY_PHASE_STRIP = NO;
				EXPORTED_SYMBOLS_FILE = Lugaru.exp;
				FRAMEWORK_SEARCH_PATHS = (
					"$(inherited)",
					"$(LOCAL_LIBRARY_DIR)/Frameworks",
				);
				GCC_DYNAMIC_NO_PIC = NO;
				GCC_ENABLE_FIX_AND_CONTINUE = YES;
				GCC_MODEL_TUNING = G5;
				GCC_PRECOMPILE_PREFIX_HEADER = YES;
				GCC_PREFIX_HEADER = Lugaru.pch;
				GCC_PREPROCESSOR_DEFINITIONS_NOT_USED_IN_PRECOMPS = LUGARU_USE_NATIVE_OPENGL;
				INFOPLIST_FILE = "Lugaru-Info.plist";
				LIBRARY_SEARCH_PATHS = (
					"$(inherited)",
					"\"$(SRCROOT)/..\"",
					"\"$(SRCROOT)/../Dependencies/SDL12/lib/macosx\"",
				);
				PRODUCT_BUNDLE_IDENTIFIER = "com.wolfire.${PRODUCT_NAME:rfc1034identifier}";
				PRODUCT_NAME = Lugaru;
			};
			name = Debug;
		};
		C01FCF4C08A954540054247B /* Release */ = {
			isa = XCBuildConfiguration;
			buildSettings = {
				ALWAYS_SEARCH_USER_PATHS = NO;
				ASSETCATALOG_COMPILER_APPICON_NAME = lugaru;
				CODE_SIGN_IDENTITY = "";
				COMBINE_HIDPI_IMAGES = YES;
				DEAD_CODE_STRIPPING = YES;
				EXPORTED_SYMBOLS_FILE = Lugaru.exp;
				FRAMEWORK_SEARCH_PATHS = (
					"$(inherited)",
					"$(LOCAL_LIBRARY_DIR)/Frameworks",
				);
				GCC_MODEL_TUNING = G5;
				GCC_PRECOMPILE_PREFIX_HEADER = YES;
				GCC_PREFIX_HEADER = Lugaru.pch;
				GCC_PREPROCESSOR_DEFINITIONS_NOT_USED_IN_PRECOMPS = LUGARU_USE_NATIVE_OPENGL;
				INFOPLIST_FILE = "Lugaru-Info.plist";
				LIBRARY_SEARCH_PATHS = (
					"$(inherited)",
					"\"$(SRCROOT)/..\"",
					"\"$(SRCROOT)/../Dependencies/SDL12/lib/macosx\"",
				);
				PRODUCT_BUNDLE_IDENTIFIER = "com.wolfire.${PRODUCT_NAME:rfc1034identifier}";
				PRODUCT_NAME = Lugaru;
			};
			name = Release;
		};
		C01FCF4F08A954540054247B /* Debug */ = {
			isa = XCBuildConfiguration;
			buildSettings = {
				CLANG_CXX_LANGUAGE_STANDARD = "gnu++0x";
				CLANG_CXX_LIBRARY = "libc++";
				CLANG_WARN_BOOL_CONVERSION = YES;
				CLANG_WARN_CONSTANT_CONVERSION = YES;
				CLANG_WARN_EMPTY_BODY = YES;
				CLANG_WARN_ENUM_CONVERSION = YES;
				CLANG_WARN_INT_CONVERSION = YES;
				CLANG_WARN_UNREACHABLE_CODE = YES;
				CLANG_WARN__DUPLICATE_METHOD_MATCH = YES;
				CODE_SIGN_IDENTITY = "-";
				DEBUG_INFORMATION_FORMAT = dwarf;
				ENABLE_STRICT_OBJC_MSGSEND = YES;
				ENABLE_TESTABILITY = YES;
				GCC_C_LANGUAGE_STANDARD = gnu99;
				GCC_NO_COMMON_BLOCKS = YES;
				GCC_OPTIMIZATION_LEVEL = 0;
				GCC_PREPROCESSOR_DEFINITIONS = (
					"USE_SDL=1",
					"USE_OPENAL=1",
					"PLATFORM_UNIX=1",
					"BinIO_STDINT_HEADER='<stdint.h>'",
					"stricmp=strcasecmp",
					"FALSE=0",
					"TRUE=1",
				);
				GCC_VERSION = com.apple.compilers.llvm.clang.1_0;
				GCC_WARN_64_TO_32_BIT_CONVERSION = YES;
				GCC_WARN_ABOUT_RETURN_TYPE = YES;
				GCC_WARN_UNDECLARED_SELECTOR = YES;
				GCC_WARN_UNINITIALIZED_AUTOS = YES;
				GCC_WARN_UNUSED_FUNCTION = YES;
				GCC_WARN_UNUSED_VARIABLE = YES;
				HEADER_SEARCH_PATHS = (
					"$(SRCROOT)/..",
					/Library/Frameworks/SDL2.framework/Headers,
					"$(SRCROOT)/../Dependencies/OpenGL",
					"$(SRCROOT)/../Dependencies/OpenGL/GL",
					"$(SRCROOT)/../Dependencies/libpng",
					"$(SRCROOT)/../Dependencies/libjpeg",
					"$(SRCROOT)/../Dependencies/OpenAL/include/AL",
					"$(SRCROOT)/../Dependencies/libogg/include",
					"$(SRCROOT)/../Dependencies/libvorbis/include",
				);
				MACOSX_DEPLOYMENT_TARGET = 10.10;
				ONLY_ACTIVE_ARCH = YES;
				SDKROOT = macosx;
			};
			name = Debug;
		};
		C01FCF5008A954540054247B /* Release */ = {
			isa = XCBuildConfiguration;
			buildSettings = {
				CLANG_CXX_LANGUAGE_STANDARD = "gnu++0x";
				CLANG_CXX_LIBRARY = "libc++";
				CLANG_WARN_BOOL_CONVERSION = YES;
				CLANG_WARN_CONSTANT_CONVERSION = YES;
				CLANG_WARN_EMPTY_BODY = YES;
				CLANG_WARN_ENUM_CONVERSION = YES;
				CLANG_WARN_INT_CONVERSION = YES;
				CLANG_WARN_UNREACHABLE_CODE = YES;
				CLANG_WARN__DUPLICATE_METHOD_MATCH = YES;
				CODE_SIGN_IDENTITY = "-";
				DEBUG_INFORMATION_FORMAT = "dwarf-with-dsym";
				ENABLE_STRICT_OBJC_MSGSEND = YES;
				GCC_C_LANGUAGE_STANDARD = gnu99;
				GCC_NO_COMMON_BLOCKS = YES;
				GCC_PREPROCESSOR_DEFINITIONS = (
					"USE_SDL=1",
					"USE_OPENAL=1",
					"PLATFORM_UNIX=1",
					"BinIO_STDINT_HEADER='<stdint.h>'",
					"stricmp=strcasecmp",
					"FALSE=0",
					"TRUE=1",
				);
				GCC_VERSION = com.apple.compilers.llvm.clang.1_0;
				GCC_WARN_64_TO_32_BIT_CONVERSION = YES;
				GCC_WARN_ABOUT_RETURN_TYPE = YES;
				GCC_WARN_UNDECLARED_SELECTOR = YES;
				GCC_WARN_UNINITIALIZED_AUTOS = YES;
				GCC_WARN_UNUSED_FUNCTION = YES;
				GCC_WARN_UNUSED_VARIABLE = YES;
				HEADER_SEARCH_PATHS = (
					"$(SRCROOT)/..",
					/Library/Frameworks/SDL2.framework/Headers,
					"$(SRCROOT)/../Dependencies/OpenGL",
					"$(SRCROOT)/../Dependencies/OpenGL/GL",
					"$(SRCROOT)/../Dependencies/libpng",
					"$(SRCROOT)/../Dependencies/libjpeg",
					"$(SRCROOT)/../Dependencies/OpenAL/include/AL",
					"$(SRCROOT)/../Dependencies/libogg/include",
					"$(SRCROOT)/../Dependencies/libvorbis/include",
				);
				MACOSX_DEPLOYMENT_TARGET = 10.10;
				SDKROOT = macosx;
			};
			name = Release;
		};
/* End XCBuildConfiguration section */

/* Begin XCConfigurationList section */
		55A13CD51CC95FFE0070DECF /* Build configuration list for PBXNativeTarget "png" */ = {
			isa = XCConfigurationList;
			buildConfigurations = (
				55A13CD61CC95FFE0070DECF /* Debug */,
				55A13CD71CC95FFE0070DECF /* Release */,
			);
			defaultConfigurationIsVisible = 0;
			defaultConfigurationName = Release;
		};
		55A13CDC1CC960160070DECF /* Build configuration list for PBXNativeTarget "jpeg" */ = {
			isa = XCConfigurationList;
			buildConfigurations = (
				55A13CDD1CC960160070DECF /* Debug */,
				55A13CDE1CC960160070DECF /* Release */,
			);
			defaultConfigurationIsVisible = 0;
			defaultConfigurationName = Release;
		};
		55A13CE41CC960180070DECF /* Build configuration list for PBXNativeTarget "vorbis" */ = {
			isa = XCConfigurationList;
			buildConfigurations = (
				55A13CE51CC960180070DECF /* Debug */,
				55A13CE61CC960180070DECF /* Release */,
			);
			defaultConfigurationIsVisible = 0;
			defaultConfigurationName = Release;
		};
		55A13CEC1CC960190070DECF /* Build configuration list for PBXNativeTarget "ogg" */ = {
			isa = XCConfigurationList;
			buildConfigurations = (
				55A13CED1CC960190070DECF /* Debug */,
				55A13CEE1CC960190070DECF /* Release */,
			);
			defaultConfigurationIsVisible = 0;
			defaultConfigurationName = Release;
		};
		C01FCF4A08A954540054247B /* Build configuration list for PBXNativeTarget "Lugaru" */ = {
			isa = XCConfigurationList;
			buildConfigurations = (
				C01FCF4B08A954540054247B /* Debug */,
				C01FCF4C08A954540054247B /* Release */,
			);
			defaultConfigurationIsVisible = 0;
			defaultConfigurationName = Release;
		};
		C01FCF4E08A954540054247B /* Build configuration list for PBXProject "Lugaru" */ = {
			isa = XCConfigurationList;
			buildConfigurations = (
				C01FCF4F08A954540054247B /* Debug */,
				C01FCF5008A954540054247B /* Release */,
			);
			defaultConfigurationIsVisible = 0;
			defaultConfigurationName = Release;
		};
/* End XCConfigurationList section */
	};
	rootObject = 29B97313FDCFA39411CA2CEA /* Project object */;
}
